// !$*UTF8*$!
{
	archiveVersion = 1;
	classes = {
	};
	objectVersion = 46;
	objects = {

/* Begin PBXBuildFile section */
		2968D9541AF88EDB0039431B /* add_aacount.png in Resources */ = {isa = PBXBuildFile; fileRef = 2968D91D1AF88EDB0039431B /* add_aacount.png */; };
		2968D9551AF88EDB0039431B /* back_btnForall.png in Resources */ = {isa = PBXBuildFile; fileRef = 2968D91E1AF88EDB0039431B /* back_btnForall.png */; };
		2968D9561AF88EDB0039431B /* back_btnForall@2x.png in Resources */ = {isa = PBXBuildFile; fileRef = 2968D91F1AF88EDB0039431B /* back_btnForall@2x.png */; };
		2968D9571AF88EDB0039431B /* back_btnNew.png in Resources */ = {isa = PBXBuildFile; fileRef = 2968D9201AF88EDB0039431B /* back_btnNew.png */; };
		2968D9581AF88EDB0039431B /* bg_twitter.png in Resources */ = {isa = PBXBuildFile; fileRef = 2968D9211AF88EDB0039431B /* bg_twitter.png */; };
		2968D9591AF88EDB0039431B /* bg_twitter@2x.png in Resources */ = {isa = PBXBuildFile; fileRef = 2968D9221AF88EDB0039431B /* bg_twitter@2x.png */; };
		2968D95A1AF88EDB0039431B /* bg_twitter@3x.png in Resources */ = {isa = PBXBuildFile; fileRef = 2968D9231AF88EDB0039431B /* bg_twitter@3x.png */; };
		2968D95B1AF88EDB0039431B /* camera.png in Resources */ = {isa = PBXBuildFile; fileRef = 2968D9241AF88EDB0039431B /* camera.png */; };
		2968D95C1AF88EDB0039431B /* cancel.png in Resources */ = {isa = PBXBuildFile; fileRef = 2968D9251AF88EDB0039431B /* cancel.png */; };
		2968D95D1AF88EDB0039431B /* close.png in Resources */ = {isa = PBXBuildFile; fileRef = 2968D9261AF88EDB0039431B /* close.png */; };
		2968D95E1AF88EDB0039431B /* connect_with_twitter.png in Resources */ = {isa = PBXBuildFile; fileRef = 2968D9271AF88EDB0039431B /* connect_with_twitter.png */; };
		2968D95F1AF88EDB0039431B /* disconnect_account.png in Resources */ = {isa = PBXBuildFile; fileRef = 2968D9281AF88EDB0039431B /* disconnect_account.png */; };
		2968D9601AF88EDB0039431B /* facebookButton.png in Resources */ = {isa = PBXBuildFile; fileRef = 2968D9291AF88EDB0039431B /* facebookButton.png */; };
		2968D9611AF88EDB0039431B /* fan.png in Resources */ = {isa = PBXBuildFile; fileRef = 2968D92A1AF88EDB0039431B /* fan.png */; };
		2968D9621AF88EDB0039431B /* Feed.png in Resources */ = {isa = PBXBuildFile; fileRef = 2968D92B1AF88EDB0039431B /* Feed.png */; };
		2968D9631AF88EDB0039431B /* find_friend.png in Resources */ = {isa = PBXBuildFile; fileRef = 2968D92C1AF88EDB0039431B /* find_friend.png */; };
		2968D9641AF88EDB0039431B /* follow.png in Resources */ = {isa = PBXBuildFile; fileRef = 2968D92D1AF88EDB0039431B /* follow.png */; };
		2968D9651AF88EDB0039431B /* follow1.png in Resources */ = {isa = PBXBuildFile; fileRef = 2968D92E1AF88EDB0039431B /* follow1.png */; };
		2968D9661AF88EDB0039431B /* followby.png in Resources */ = {isa = PBXBuildFile; fileRef = 2968D92F1AF88EDB0039431B /* followby.png */; };
		2968D9671AF88EDB0039431B /* followedby.png in Resources */ = {isa = PBXBuildFile; fileRef = 2968D9301AF88EDB0039431B /* followedby.png */; };
		2968D9681AF88EDB0039431B /* galary.png in Resources */ = {isa = PBXBuildFile; fileRef = 2968D9311AF88EDB0039431B /* galary.png */; };
		2968D9691AF88EDB0039431B /* 1024x1024.png in Resources */ = {isa = PBXBuildFile; fileRef = 2968D9331AF88EDB0039431B /* 1024x1024.png */; };
		2968D96A1AF88EDB0039431B /* 144x144.png in Resources */ = {isa = PBXBuildFile; fileRef = 2968D9341AF88EDB0039431B /* 144x144.png */; };
		2968D96B1AF88EDB0039431B /* 29.png in Resources */ = {isa = PBXBuildFile; fileRef = 2968D9351AF88EDB0039431B /* 29.png */; };
		2968D96C1AF88EDB0039431B /* 29@2x.png in Resources */ = {isa = PBXBuildFile; fileRef = 2968D9361AF88EDB0039431B /* 29@2x.png */; };
		2968D96D1AF88EDB0039431B /* 29@3x.png in Resources */ = {isa = PBXBuildFile; fileRef = 2968D9371AF88EDB0039431B /* 29@3x.png */; };
		2968D96E1AF88EDB0039431B /* 40.png in Resources */ = {isa = PBXBuildFile; fileRef = 2968D9381AF88EDB0039431B /* 40.png */; };
		2968D96F1AF88EDB0039431B /* 40@2x.png in Resources */ = {isa = PBXBuildFile; fileRef = 2968D9391AF88EDB0039431B /* 40@2x.png */; };
		2968D9701AF88EDB0039431B /* 40@3x.png in Resources */ = {isa = PBXBuildFile; fileRef = 2968D93A1AF88EDB0039431B /* 40@3x.png */; };
		2968D9711AF88EDB0039431B /* 48x48.png in Resources */ = {isa = PBXBuildFile; fileRef = 2968D93B1AF88EDB0039431B /* 48x48.png */; };
		2968D9721AF88EDB0039431B /* 512x512.png in Resources */ = {isa = PBXBuildFile; fileRef = 2968D93C1AF88EDB0039431B /* 512x512.png */; };
		2968D9731AF88EDB0039431B /* 57.png in Resources */ = {isa = PBXBuildFile; fileRef = 2968D93D1AF88EDB0039431B /* 57.png */; };
		2968D9741AF88EDB0039431B /* 57@2x.png in Resources */ = {isa = PBXBuildFile; fileRef = 2968D93E1AF88EDB0039431B /* 57@2x.png */; };
		2968D9751AF88EDB0039431B /* 57@3x.png in Resources */ = {isa = PBXBuildFile; fileRef = 2968D93F1AF88EDB0039431B /* 57@3x.png */; };
		2968D9761AF88EDB0039431B /* 60.png in Resources */ = {isa = PBXBuildFile; fileRef = 2968D9401AF88EDB0039431B /* 60.png */; };
		2968D9771AF88EDB0039431B /* 60@2x.png in Resources */ = {isa = PBXBuildFile; fileRef = 2968D9411AF88EDB0039431B /* 60@2x.png */; };
		2968D9781AF88EDB0039431B /* 60@3x.png in Resources */ = {isa = PBXBuildFile; fileRef = 2968D9421AF88EDB0039431B /* 60@3x.png */; };
		2968D9791AF88EDB0039431B /* 72x72.png in Resources */ = {isa = PBXBuildFile; fileRef = 2968D9431AF88EDB0039431B /* 72x72.png */; };
		2968D97A1AF88EDB0039431B /* 96x96.png in Resources */ = {isa = PBXBuildFile; fileRef = 2968D9441AF88EDB0039431B /* 96x96.png */; };
		2968D97B1AF88EDB0039431B /* inner_follow.png in Resources */ = {isa = PBXBuildFile; fileRef = 2968D9451AF88EDB0039431B /* inner_follow.png */; };
		2968D97C1AF88EDB0039431B /* inner_unfollow.png in Resources */ = {isa = PBXBuildFile; fileRef = 2968D9461AF88EDB0039431B /* inner_unfollow.png */; };
		2968D97D1AF88EDB0039431B /* main_view.png in Resources */ = {isa = PBXBuildFile; fileRef = 2968D9471AF88EDB0039431B /* main_view.png */; };
		2968D97E1AF88EDB0039431B /* menu.png in Resources */ = {isa = PBXBuildFile; fileRef = 2968D9481AF88EDB0039431B /* menu.png */; };
		2968D97F1AF88EDB0039431B /* non_followers.png in Resources */ = {isa = PBXBuildFile; fileRef = 2968D9491AF88EDB0039431B /* non_followers.png */; };
		2968D9801AF88EDB0039431B /* popup.png in Resources */ = {isa = PBXBuildFile; fileRef = 2968D94A1AF88EDB0039431B /* popup.png */; };
		2968D9811AF88EDB0039431B /* post.png in Resources */ = {isa = PBXBuildFile; fileRef = 2968D94B1AF88EDB0039431B /* post.png */; };
		2968D9821AF88EDB0039431B /* post_schedule.png in Resources */ = {isa = PBXBuildFile; fileRef = 2968D94C1AF88EDB0039431B /* post_schedule.png */; };
		2968D9831AF88EDB0039431B /* Scheduler.png in Resources */ = {isa = PBXBuildFile; fileRef = 2968D94D1AF88EDB0039431B /* Scheduler.png */; };
		2968D9841AF88EDB0039431B /* sendBtn.png in Resources */ = {isa = PBXBuildFile; fileRef = 2968D94E1AF88EDB0039431B /* sendBtn.png */; };
		2968D9851AF88EDB0039431B /* setting.png in Resources */ = {isa = PBXBuildFile; fileRef = 2968D94F1AF88EDB0039431B /* setting.png */; };
		2968D9861AF88EDB0039431B /* tboardpro.png in Resources */ = {isa = PBXBuildFile; fileRef = 2968D9501AF88EDB0039431B /* tboardpro.png */; };
		2968D9871AF88EDB0039431B /* twitterButton.png in Resources */ = {isa = PBXBuildFile; fileRef = 2968D9511AF88EDB0039431B /* twitterButton.png */; };
		2968D9881AF88EDB0039431B /* twtboard.png in Resources */ = {isa = PBXBuildFile; fileRef = 2968D9521AF88EDB0039431B /* twtboard.png */; };
		2968D9891AF88EDB0039431B /* unfollow.png in Resources */ = {isa = PBXBuildFile; fileRef = 2968D9531AF88EDB0039431B /* unfollow.png */; };
		2968D9A51AF88F130039431B /* add_aacount@2x.png in Resources */ = {isa = PBXBuildFile; fileRef = 2968D98B1AF88F130039431B /* add_aacount@2x.png */; };
		2968D9A61AF88F130039431B /* cancel@2x.png in Resources */ = {isa = PBXBuildFile; fileRef = 2968D98C1AF88F130039431B /* cancel@2x.png */; };
		2968D9A71AF88F130039431B /* close@2x.png in Resources */ = {isa = PBXBuildFile; fileRef = 2968D98D1AF88F130039431B /* close@2x.png */; };
		2968D9A81AF88F130039431B /* connect_with_twitter@2x.png in Resources */ = {isa = PBXBuildFile; fileRef = 2968D98E1AF88F130039431B /* connect_with_twitter@2x.png */; };
		2968D9A91AF88F130039431B /* disconnect_account@2x.png in Resources */ = {isa = PBXBuildFile; fileRef = 2968D98F1AF88F130039431B /* disconnect_account@2x.png */; };
		2968D9AA1AF88F130039431B /* fan@2x.png in Resources */ = {isa = PBXBuildFile; fileRef = 2968D9901AF88F130039431B /* fan@2x.png */; };
		2968D9AB1AF88F130039431B /* Feed@2x.png in Resources */ = {isa = PBXBuildFile; fileRef = 2968D9911AF88F130039431B /* Feed@2x.png */; };
		2968D9AC1AF88F130039431B /* find_friend@2x.png in Resources */ = {isa = PBXBuildFile; fileRef = 2968D9921AF88F130039431B /* find_friend@2x.png */; };
		2968D9AD1AF88F130039431B /* follow1@2x.png in Resources */ = {isa = PBXBuildFile; fileRef = 2968D9931AF88F130039431B /* follow1@2x.png */; };
		2968D9AE1AF88F130039431B /* follow@2x.png in Resources */ = {isa = PBXBuildFile; fileRef = 2968D9941AF88F130039431B /* follow@2x.png */; };
		2968D9AF1AF88F130039431B /* followby@2x.png in Resources */ = {isa = PBXBuildFile; fileRef = 2968D9951AF88F130039431B /* followby@2x.png */; };
		2968D9B01AF88F130039431B /* followedby@2x.png in Resources */ = {isa = PBXBuildFile; fileRef = 2968D9961AF88F130039431B /* followedby@2x.png */; };
		2968D9B11AF88F130039431B /* inner_follow@2x.png in Resources */ = {isa = PBXBuildFile; fileRef = 2968D9971AF88F130039431B /* inner_follow@2x.png */; };
		2968D9B21AF88F130039431B /* inner_unfollow@2x.png in Resources */ = {isa = PBXBuildFile; fileRef = 2968D9981AF88F130039431B /* inner_unfollow@2x.png */; };
		2968D9B31AF88F130039431B /* LaunchImage640*960.png in Resources */ = {isa = PBXBuildFile; fileRef = 2968D9991AF88F130039431B /* LaunchImage640*960.png */; };
		2968D9B41AF88F130039431B /* main_view@2x.png in Resources */ = {isa = PBXBuildFile; fileRef = 2968D99A1AF88F130039431B /* main_view@2x.png */; };
		2968D9B51AF88F130039431B /* menu_icon@2x.png in Resources */ = {isa = PBXBuildFile; fileRef = 2968D99B1AF88F130039431B /* menu_icon@2x.png */; };
		2968D9B61AF88F130039431B /* mutual@2x.png in Resources */ = {isa = PBXBuildFile; fileRef = 2968D99C1AF88F130039431B /* mutual@2x.png */; };
		2968D9B71AF88F130039431B /* non_followers@2x.png in Resources */ = {isa = PBXBuildFile; fileRef = 2968D99D1AF88F130039431B /* non_followers@2x.png */; };
		2968D9B81AF88F130039431B /* photo_que@2x.png in Resources */ = {isa = PBXBuildFile; fileRef = 2968D99E1AF88F130039431B /* photo_que@2x.png */; };
		2968D9B91AF88F130039431B /* popup@2x.png in Resources */ = {isa = PBXBuildFile; fileRef = 2968D99F1AF88F130039431B /* popup@2x.png */; };
		2968D9BA1AF88F130039431B /* post@2x.png in Resources */ = {isa = PBXBuildFile; fileRef = 2968D9A01AF88F130039431B /* post@2x.png */; };
		2968D9BB1AF88F130039431B /* send@2x.png in Resources */ = {isa = PBXBuildFile; fileRef = 2968D9A11AF88F130039431B /* send@2x.png */; };
		2968D9BC1AF88F130039431B /* setting@2x.png in Resources */ = {isa = PBXBuildFile; fileRef = 2968D9A21AF88F130039431B /* setting@2x.png */; };
		2968D9BD1AF88F130039431B /* setting_icon@2x.png in Resources */ = {isa = PBXBuildFile; fileRef = 2968D9A31AF88F130039431B /* setting_icon@2x.png */; };
		2968D9BE1AF88F130039431B /* unfollow@2x.png in Resources */ = {isa = PBXBuildFile; fileRef = 2968D9A41AF88F130039431B /* unfollow@2x.png */; };
		29D219951AF7CA0300803757 /* main.m in Sources */ = {isa = PBXBuildFile; fileRef = 29D219941AF7CA0300803757 /* main.m */; };
		29D219981AF7CA0300803757 /* AppDelegate.m in Sources */ = {isa = PBXBuildFile; fileRef = 29D219971AF7CA0300803757 /* AppDelegate.m */; };
		29D2199B1AF7CA0300803757 /* ViewController.m in Sources */ = {isa = PBXBuildFile; fileRef = 29D2199A1AF7CA0300803757 /* ViewController.m */; };
		29D2199E1AF7CA0300803757 /* Main.storyboard in Resources */ = {isa = PBXBuildFile; fileRef = 29D2199C1AF7CA0300803757 /* Main.storyboard */; };
		29D219A01AF7CA0300803757 /* Images.xcassets in Resources */ = {isa = PBXBuildFile; fileRef = 29D2199F1AF7CA0300803757 /* Images.xcassets */; };
		29D219A31AF7CA0300803757 /* LaunchScreen.xib in Resources */ = {isa = PBXBuildFile; fileRef = 29D219A11AF7CA0300803757 /* LaunchScreen.xib */; };
		29D219AF1AF7CA0300803757 /* t_boardproTests.m in Sources */ = {isa = PBXBuildFile; fileRef = 29D219AE1AF7CA0300803757 /* t_boardproTests.m */; };
		29D21A191AF7CB2C00803757 /* AFHTTPRequestOperation.m in Sources */ = {isa = PBXBuildFile; fileRef = 29D219BA1AF7CB2C00803757 /* AFHTTPRequestOperation.m */; };
		29D21A1A1AF7CB2C00803757 /* AFHTTPRequestOperationManager.m in Sources */ = {isa = PBXBuildFile; fileRef = 29D219BC1AF7CB2C00803757 /* AFHTTPRequestOperationManager.m */; };
		29D21A1B1AF7CB2C00803757 /* AFHTTPSessionManager.m in Sources */ = {isa = PBXBuildFile; fileRef = 29D219BE1AF7CB2C00803757 /* AFHTTPSessionManager.m */; };
		29D21A1C1AF7CB2C00803757 /* AFNetworkReachabilityManager.m in Sources */ = {isa = PBXBuildFile; fileRef = 29D219C11AF7CB2C00803757 /* AFNetworkReachabilityManager.m */; };
		29D21A1D1AF7CB2C00803757 /* AFSecurityPolicy.m in Sources */ = {isa = PBXBuildFile; fileRef = 29D219C31AF7CB2C00803757 /* AFSecurityPolicy.m */; };
		29D21A1E1AF7CB2C00803757 /* AFURLConnectionOperation.m in Sources */ = {isa = PBXBuildFile; fileRef = 29D219C51AF7CB2C00803757 /* AFURLConnectionOperation.m */; };
		29D21A1F1AF7CB2C00803757 /* AFURLRequestSerialization.m in Sources */ = {isa = PBXBuildFile; fileRef = 29D219C71AF7CB2C00803757 /* AFURLRequestSerialization.m */; };
		29D21A201AF7CB2C00803757 /* AFURLResponseSerialization.m in Sources */ = {isa = PBXBuildFile; fileRef = 29D219C91AF7CB2C00803757 /* AFURLResponseSerialization.m */; };
		29D21A211AF7CB2C00803757 /* AFURLSessionManager.m in Sources */ = {isa = PBXBuildFile; fileRef = 29D219CB1AF7CB2C00803757 /* AFURLSessionManager.m */; };
		29D21A221AF7CB2C00803757 /* CustomMenuViewController.m in Sources */ = {isa = PBXBuildFile; fileRef = 29D219CE1AF7CB2C00803757 /* CustomMenuViewController.m */; };
		29D21A231AF7CB2C00803757 /* FHSStream.m in Sources */ = {isa = PBXBuildFile; fileRef = 29D219D11AF7CB2C00803757 /* FHSStream.m */; };
		29D21A241AF7CB2C00803757 /* FHSTwitterEngine.m in Sources */ = {isa = PBXBuildFile; fileRef = 29D219D31AF7CB2C00803757 /* FHSTwitterEngine.m */; };
		29D21A271AF7CB2C00803757 /* Feeds.m in Sources */ = {isa = PBXBuildFile; fileRef = 29D219D91AF7CB2C00803757 /* Feeds.m */; };
		29D21A281AF7CB2C00803757 /* FollowingUserViewController.m in Sources */ = {isa = PBXBuildFile; fileRef = 29D219DB1AF7CB2C00803757 /* FollowingUserViewController.m */; };
		29D21A291AF7CB2C00803757 /* FollowingUserViewController.xib in Resources */ = {isa = PBXBuildFile; fileRef = 29D219DC1AF7CB2C00803757 /* FollowingUserViewController.xib */; };
		29D21A2A1AF7CB2C00803757 /* ProfileUserViewcontrollerViewController.m in Sources */ = {isa = PBXBuildFile; fileRef = 29D219DE1AF7CB2C00803757 /* ProfileUserViewcontrollerViewController.m */; };
		29D21A2B1AF7CB2C00803757 /* ProfileUserViewcontrollerViewController.xib in Resources */ = {isa = PBXBuildFile; fileRef = 29D219DF1AF7CB2C00803757 /* ProfileUserViewcontrollerViewController.xib */; };
		29D21A2C1AF7CB2C00803757 /* SchedulingView.m in Sources */ = {isa = PBXBuildFile; fileRef = 29D219E11AF7CB2C00803757 /* SchedulingView.m */; };
		29D21A2D1AF7CB2C00803757 /* SchedulingView.xib in Resources */ = {isa = PBXBuildFile; fileRef = 29D219E21AF7CB2C00803757 /* SchedulingView.xib */; };
		29D21A2E1AF7CB2C00803757 /* SearchingViewController.m in Sources */ = {isa = PBXBuildFile; fileRef = 29D219E41AF7CB2C00803757 /* SearchingViewController.m */; };
		29D21A2F1AF7CB2C00803757 /* SearchingViewController.xib in Resources */ = {isa = PBXBuildFile; fileRef = 29D219E51AF7CB2C00803757 /* SearchingViewController.xib */; };
		29D21A301AF7CB2C00803757 /* SettingView.m in Sources */ = {isa = PBXBuildFile; fileRef = 29D219E71AF7CB2C00803757 /* SettingView.m */; };
		29D21A311AF7CB2C00803757 /* Singleton.m in Sources */ = {isa = PBXBuildFile; fileRef = 29D219E91AF7CB2C00803757 /* Singleton.m */; };
		29D21A321AF7CB2C00803757 /* TableCustomCell.m in Sources */ = {isa = PBXBuildFile; fileRef = 29D219EB1AF7CB2C00803757 /* TableCustomCell.m */; };
		29D21A331AF7CB2C00803757 /* UnfollowViewController.m in Sources */ = {isa = PBXBuildFile; fileRef = 29D219ED1AF7CB2C00803757 /* UnfollowViewController.m */; };
		29D21A341AF7CB2C00803757 /* MBProgressHUD.m in Sources */ = {isa = PBXBuildFile; fileRef = 29D219F01AF7CB2C00803757 /* MBProgressHUD.m */; };
		29D21A351AF7CB2C00803757 /* Reachability.m in Sources */ = {isa = PBXBuildFile; fileRef = 29D219F31AF7CB2C00803757 /* Reachability.m */; };
		29D21A361AF7CB2C00803757 /* MKAnnotationView+WebCache.m in Sources */ = {isa = PBXBuildFile; fileRef = 29D219F61AF7CB2C00803757 /* MKAnnotationView+WebCache.m */; };
		29D21A371AF7CB2C00803757 /* NSData+ImageContentType.m in Sources */ = {isa = PBXBuildFile; fileRef = 29D219F81AF7CB2C00803757 /* NSData+ImageContentType.m */; };
		29D21A381AF7CB2C00803757 /* SDImageCache.m in Sources */ = {isa = PBXBuildFile; fileRef = 29D219FA1AF7CB2C00803757 /* SDImageCache.m */; };
		29D21A391AF7CB2C00803757 /* SDWebImageCompat.m in Sources */ = {isa = PBXBuildFile; fileRef = 29D219FC1AF7CB2C00803757 /* SDWebImageCompat.m */; };
		29D21A3A1AF7CB2C00803757 /* SDWebImageDecoder.m in Sources */ = {isa = PBXBuildFile; fileRef = 29D219FE1AF7CB2C00803757 /* SDWebImageDecoder.m */; };
		29D21A3B1AF7CB2C00803757 /* SDWebImageDownloader.m in Sources */ = {isa = PBXBuildFile; fileRef = 29D21A001AF7CB2C00803757 /* SDWebImageDownloader.m */; };
		29D21A3C1AF7CB2C00803757 /* SDWebImageDownloaderOperation.m in Sources */ = {isa = PBXBuildFile; fileRef = 29D21A021AF7CB2C00803757 /* SDWebImageDownloaderOperation.m */; };
		29D21A3D1AF7CB2C00803757 /* SDWebImageManager.m in Sources */ = {isa = PBXBuildFile; fileRef = 29D21A041AF7CB2C00803757 /* SDWebImageManager.m */; };
		29D21A3E1AF7CB2C00803757 /* SDWebImagePrefetcher.m in Sources */ = {isa = PBXBuildFile; fileRef = 29D21A071AF7CB2C00803757 /* SDWebImagePrefetcher.m */; };
		29D21A3F1AF7CB2C00803757 /* UIButton+WebCache.m in Sources */ = {isa = PBXBuildFile; fileRef = 29D21A091AF7CB2C00803757 /* UIButton+WebCache.m */; };
		29D21A401AF7CB2C00803757 /* UIImage+GIF.m in Sources */ = {isa = PBXBuildFile; fileRef = 29D21A0B1AF7CB2C00803757 /* UIImage+GIF.m */; };
		29D21A411AF7CB2C00803757 /* UIImage+MultiFormat.m in Sources */ = {isa = PBXBuildFile; fileRef = 29D21A0D1AF7CB2C00803757 /* UIImage+MultiFormat.m */; };
		29D21A421AF7CB2C00803757 /* UIImage+WebP.m in Sources */ = {isa = PBXBuildFile; fileRef = 29D21A0F1AF7CB2C00803757 /* UIImage+WebP.m */; };
		29D21A431AF7CB2C00803757 /* UIImageView+HighlightedWebCache.m in Sources */ = {isa = PBXBuildFile; fileRef = 29D21A111AF7CB2C00803757 /* UIImageView+HighlightedWebCache.m */; };
		29D21A441AF7CB2C00803757 /* UIImageView+WebCache.m in Sources */ = {isa = PBXBuildFile; fileRef = 29D21A131AF7CB2C00803757 /* UIImageView+WebCache.m */; };
		29D21A451AF7CB2C00803757 /* UIView+WebCacheOperation.m in Sources */ = {isa = PBXBuildFile; fileRef = 29D21A151AF7CB2C00803757 /* UIView+WebCacheOperation.m */; };
		29D21A461AF7CB2C00803757 /* TwitterHelperClass.m in Sources */ = {isa = PBXBuildFile; fileRef = 29D21A181AF7CB2C00803757 /* TwitterHelperClass.m */; };
		29D21A481AF7CBD100803757 /* SystemConfiguration.framework in Frameworks */ = {isa = PBXBuildFile; fileRef = 29D21A471AF7CBD100803757 /* SystemConfiguration.framework */; };
		29D21A4A1AF7CBDA00803757 /* AudioToolbox.framework in Frameworks */ = {isa = PBXBuildFile; fileRef = 29D21A491AF7CBDA00803757 /* AudioToolbox.framework */; };
		29D21A4C1AF7CBE300803757 /* libsqlite3.0.dylib in Frameworks */ = {isa = PBXBuildFile; fileRef = 29D21A4B1AF7CBE300803757 /* libsqlite3.0.dylib */; };
		29D21A4E1AF7CBEA00803757 /* Social.framework in Frameworks */ = {isa = PBXBuildFile; fileRef = 29D21A4D1AF7CBEA00803757 /* Social.framework */; };
		29D21A501AF7CBF100803757 /* UIKit.framework in Frameworks */ = {isa = PBXBuildFile; fileRef = 29D21A4F1AF7CBF100803757 /* UIKit.framework */; };
		29D21A521AF7CBF900803757 /* Foundation.framework in Frameworks */ = {isa = PBXBuildFile; fileRef = 29D21A511AF7CBF900803757 /* Foundation.framework */; };
		29D21A541AF7CC0100803757 /* CoreGraphics.framework in Frameworks */ = {isa = PBXBuildFile; fileRef = 29D21A531AF7CC0100803757 /* CoreGraphics.framework */; };
		29D21ABD1AF7CD1A00803757 /* LaunchImage1242*2208.png in Resources */ = {isa = PBXBuildFile; fileRef = 29D21A831AF7CD1A00803757 /* LaunchImage1242*2208.png */; };
		29D21ABE1AF7CD1A00803757 /* LaunchImage320*480.png in Resources */ = {isa = PBXBuildFile; fileRef = 29D21A841AF7CD1A00803757 /* LaunchImage320*480.png */; };
		29D21ABF1AF7CD1A00803757 /* LaunchImage640*1136.png in Resources */ = {isa = PBXBuildFile; fileRef = 29D21A851AF7CD1A00803757 /* LaunchImage640*1136.png */; };
		29D21AC01AF7CD1A00803757 /* LaunchImage640*960.png in Resources */ = {isa = PBXBuildFile; fileRef = 29D21A861AF7CD1A00803757 /* LaunchImage640*960.png */; };
		29D21AC11AF7CD1A00803757 /* LaunchImage750*1334.png in Resources */ = {isa = PBXBuildFile; fileRef = 29D21A871AF7CD1A00803757 /* LaunchImage750*1334.png */; };
/* End PBXBuildFile section */

/* Begin PBXContainerItemProxy section */
		29D219A91AF7CA0300803757 /* PBXContainerItemProxy */ = {
			isa = PBXContainerItemProxy;
			containerPortal = 29D219871AF7CA0300803757 /* Project object */;
			proxyType = 1;
			remoteGlobalIDString = 29D2198E1AF7CA0300803757;
			remoteInfo = "t-boardpro";
		};
/* End PBXContainerItemProxy section */

/* Begin PBXFileReference section */
		2968D91D1AF88EDB0039431B /* add_aacount.png */ = {isa = PBXFileReference; lastKnownFileType = image.png; path = add_aacount.png; sourceTree = "<group>"; };
		2968D91E1AF88EDB0039431B /* back_btnForall.png */ = {isa = PBXFileReference; lastKnownFileType = image.png; path = back_btnForall.png; sourceTree = "<group>"; };
		2968D91F1AF88EDB0039431B /* back_btnForall@2x.png */ = {isa = PBXFileReference; lastKnownFileType = image.png; path = "back_btnForall@2x.png"; sourceTree = "<group>"; };
		2968D9201AF88EDB0039431B /* back_btnNew.png */ = {isa = PBXFileReference; lastKnownFileType = image.png; path = back_btnNew.png; sourceTree = "<group>"; };
		2968D9211AF88EDB0039431B /* bg_twitter.png */ = {isa = PBXFileReference; lastKnownFileType = image.png; path = bg_twitter.png; sourceTree = "<group>"; };
		2968D9221AF88EDB0039431B /* bg_twitter@2x.png */ = {isa = PBXFileReference; lastKnownFileType = image.png; path = "bg_twitter@2x.png"; sourceTree = "<group>"; };
		2968D9231AF88EDB0039431B /* bg_twitter@3x.png */ = {isa = PBXFileReference; lastKnownFileType = image.png; path = "bg_twitter@3x.png"; sourceTree = "<group>"; };
		2968D9241AF88EDB0039431B /* camera.png */ = {isa = PBXFileReference; lastKnownFileType = image.png; path = camera.png; sourceTree = "<group>"; };
		2968D9251AF88EDB0039431B /* cancel.png */ = {isa = PBXFileReference; lastKnownFileType = image.png; path = cancel.png; sourceTree = "<group>"; };
		2968D9261AF88EDB0039431B /* close.png */ = {isa = PBXFileReference; lastKnownFileType = image.png; path = close.png; sourceTree = "<group>"; };
		2968D9271AF88EDB0039431B /* connect_with_twitter.png */ = {isa = PBXFileReference; lastKnownFileType = image.png; path = connect_with_twitter.png; sourceTree = "<group>"; };
		2968D9281AF88EDB0039431B /* disconnect_account.png */ = {isa = PBXFileReference; lastKnownFileType = image.png; path = disconnect_account.png; sourceTree = "<group>"; };
		2968D9291AF88EDB0039431B /* facebookButton.png */ = {isa = PBXFileReference; lastKnownFileType = image.png; path = facebookButton.png; sourceTree = "<group>"; };
		2968D92A1AF88EDB0039431B /* fan.png */ = {isa = PBXFileReference; lastKnownFileType = image.png; path = fan.png; sourceTree = "<group>"; };
		2968D92B1AF88EDB0039431B /* Feed.png */ = {isa = PBXFileReference; lastKnownFileType = image.png; path = Feed.png; sourceTree = "<group>"; };
		2968D92C1AF88EDB0039431B /* find_friend.png */ = {isa = PBXFileReference; lastKnownFileType = image.png; path = find_friend.png; sourceTree = "<group>"; };
		2968D92D1AF88EDB0039431B /* follow.png */ = {isa = PBXFileReference; lastKnownFileType = image.png; path = follow.png; sourceTree = "<group>"; };
		2968D92E1AF88EDB0039431B /* follow1.png */ = {isa = PBXFileReference; lastKnownFileType = image.png; path = follow1.png; sourceTree = "<group>"; };
		2968D92F1AF88EDB0039431B /* followby.png */ = {isa = PBXFileReference; lastKnownFileType = image.png; path = followby.png; sourceTree = "<group>"; };
		2968D9301AF88EDB0039431B /* followedby.png */ = {isa = PBXFileReference; lastKnownFileType = image.png; path = followedby.png; sourceTree = "<group>"; };
		2968D9311AF88EDB0039431B /* galary.png */ = {isa = PBXFileReference; lastKnownFileType = image.png; path = galary.png; sourceTree = "<group>"; };
		2968D9331AF88EDB0039431B /* 1024x1024.png */ = {isa = PBXFileReference; lastKnownFileType = image.png; path = 1024x1024.png; sourceTree = "<group>"; };
		2968D9341AF88EDB0039431B /* 144x144.png */ = {isa = PBXFileReference; lastKnownFileType = image.png; path = 144x144.png; sourceTree = "<group>"; };
		2968D9351AF88EDB0039431B /* 29.png */ = {isa = PBXFileReference; lastKnownFileType = image.png; path = 29.png; sourceTree = "<group>"; };
		2968D9361AF88EDB0039431B /* 29@2x.png */ = {isa = PBXFileReference; lastKnownFileType = image.png; path = "29@2x.png"; sourceTree = "<group>"; };
		2968D9371AF88EDB0039431B /* 29@3x.png */ = {isa = PBXFileReference; lastKnownFileType = image.png; path = "29@3x.png"; sourceTree = "<group>"; };
		2968D9381AF88EDB0039431B /* 40.png */ = {isa = PBXFileReference; lastKnownFileType = image.png; path = 40.png; sourceTree = "<group>"; };
		2968D9391AF88EDB0039431B /* 40@2x.png */ = {isa = PBXFileReference; lastKnownFileType = image.png; path = "40@2x.png"; sourceTree = "<group>"; };
		2968D93A1AF88EDB0039431B /* 40@3x.png */ = {isa = PBXFileReference; lastKnownFileType = image.png; path = "40@3x.png"; sourceTree = "<group>"; };
		2968D93B1AF88EDB0039431B /* 48x48.png */ = {isa = PBXFileReference; lastKnownFileType = image.png; path = 48x48.png; sourceTree = "<group>"; };
		2968D93C1AF88EDB0039431B /* 512x512.png */ = {isa = PBXFileReference; lastKnownFileType = image.png; path = 512x512.png; sourceTree = "<group>"; };
		2968D93D1AF88EDB0039431B /* 57.png */ = {isa = PBXFileReference; lastKnownFileType = image.png; path = 57.png; sourceTree = "<group>"; };
		2968D93E1AF88EDB0039431B /* 57@2x.png */ = {isa = PBXFileReference; lastKnownFileType = image.png; path = "57@2x.png"; sourceTree = "<group>"; };
		2968D93F1AF88EDB0039431B /* 57@3x.png */ = {isa = PBXFileReference; lastKnownFileType = image.png; path = "57@3x.png"; sourceTree = "<group>"; };
		2968D9401AF88EDB0039431B /* 60.png */ = {isa = PBXFileReference; lastKnownFileType = image.png; path = 60.png; sourceTree = "<group>"; };
		2968D9411AF88EDB0039431B /* 60@2x.png */ = {isa = PBXFileReference; lastKnownFileType = image.png; path = "60@2x.png"; sourceTree = "<group>"; };
		2968D9421AF88EDB0039431B /* 60@3x.png */ = {isa = PBXFileReference; lastKnownFileType = image.png; path = "60@3x.png"; sourceTree = "<group>"; };
		2968D9431AF88EDB0039431B /* 72x72.png */ = {isa = PBXFileReference; lastKnownFileType = image.png; path = 72x72.png; sourceTree = "<group>"; };
		2968D9441AF88EDB0039431B /* 96x96.png */ = {isa = PBXFileReference; lastKnownFileType = image.png; path = 96x96.png; sourceTree = "<group>"; };
		2968D9451AF88EDB0039431B /* inner_follow.png */ = {isa = PBXFileReference; lastKnownFileType = image.png; path = inner_follow.png; sourceTree = "<group>"; };
		2968D9461AF88EDB0039431B /* inner_unfollow.png */ = {isa = PBXFileReference; lastKnownFileType = image.png; path = inner_unfollow.png; sourceTree = "<group>"; };
		2968D9471AF88EDB0039431B /* main_view.png */ = {isa = PBXFileReference; lastKnownFileType = image.png; path = main_view.png; sourceTree = "<group>"; };
		2968D9481AF88EDB0039431B /* menu.png */ = {isa = PBXFileReference; lastKnownFileType = image.png; path = menu.png; sourceTree = "<group>"; };
		2968D9491AF88EDB0039431B /* non_followers.png */ = {isa = PBXFileReference; lastKnownFileType = image.png; path = non_followers.png; sourceTree = "<group>"; };
		2968D94A1AF88EDB0039431B /* popup.png */ = {isa = PBXFileReference; lastKnownFileType = image.png; path = popup.png; sourceTree = "<group>"; };
		2968D94B1AF88EDB0039431B /* post.png */ = {isa = PBXFileReference; lastKnownFileType = image.png; path = post.png; sourceTree = "<group>"; };
		2968D94C1AF88EDB0039431B /* post_schedule.png */ = {isa = PBXFileReference; lastKnownFileType = image.png; path = post_schedule.png; sourceTree = "<group>"; };
		2968D94D1AF88EDB0039431B /* Scheduler.png */ = {isa = PBXFileReference; lastKnownFileType = image.png; path = Scheduler.png; sourceTree = "<group>"; };
		2968D94E1AF88EDB0039431B /* sendBtn.png */ = {isa = PBXFileReference; lastKnownFileType = image.png; path = sendBtn.png; sourceTree = "<group>"; };
		2968D94F1AF88EDB0039431B /* setting.png */ = {isa = PBXFileReference; lastKnownFileType = image.png; path = setting.png; sourceTree = "<group>"; };
		2968D9501AF88EDB0039431B /* tboardpro.png */ = {isa = PBXFileReference; lastKnownFileType = image.png; path = tboardpro.png; sourceTree = "<group>"; };
		2968D9511AF88EDB0039431B /* twitterButton.png */ = {isa = PBXFileReference; lastKnownFileType = image.png; path = twitterButton.png; sourceTree = "<group>"; };
		2968D9521AF88EDB0039431B /* twtboard.png */ = {isa = PBXFileReference; lastKnownFileType = image.png; path = twtboard.png; sourceTree = "<group>"; };
		2968D9531AF88EDB0039431B /* unfollow.png */ = {isa = PBXFileReference; lastKnownFileType = image.png; path = unfollow.png; sourceTree = "<group>"; };
		2968D98B1AF88F130039431B /* add_aacount@2x.png */ = {isa = PBXFileReference; lastKnownFileType = image.png; path = "add_aacount@2x.png"; sourceTree = "<group>"; };
		2968D98C1AF88F130039431B /* cancel@2x.png */ = {isa = PBXFileReference; lastKnownFileType = image.png; path = "cancel@2x.png"; sourceTree = "<group>"; };
		2968D98D1AF88F130039431B /* close@2x.png */ = {isa = PBXFileReference; lastKnownFileType = image.png; path = "close@2x.png"; sourceTree = "<group>"; };
		2968D98E1AF88F130039431B /* connect_with_twitter@2x.png */ = {isa = PBXFileReference; lastKnownFileType = image.png; path = "connect_with_twitter@2x.png"; sourceTree = "<group>"; };
		2968D98F1AF88F130039431B /* disconnect_account@2x.png */ = {isa = PBXFileReference; lastKnownFileType = image.png; path = "disconnect_account@2x.png"; sourceTree = "<group>"; };
		2968D9901AF88F130039431B /* fan@2x.png */ = {isa = PBXFileReference; lastKnownFileType = image.png; path = "fan@2x.png"; sourceTree = "<group>"; };
		2968D9911AF88F130039431B /* Feed@2x.png */ = {isa = PBXFileReference; lastKnownFileType = image.png; path = "Feed@2x.png"; sourceTree = "<group>"; };
		2968D9921AF88F130039431B /* find_friend@2x.png */ = {isa = PBXFileReference; lastKnownFileType = image.png; path = "find_friend@2x.png"; sourceTree = "<group>"; };
		2968D9931AF88F130039431B /* follow1@2x.png */ = {isa = PBXFileReference; lastKnownFileType = image.png; path = "follow1@2x.png"; sourceTree = "<group>"; };
		2968D9941AF88F130039431B /* follow@2x.png */ = {isa = PBXFileReference; lastKnownFileType = image.png; path = "follow@2x.png"; sourceTree = "<group>"; };
		2968D9951AF88F130039431B /* followby@2x.png */ = {isa = PBXFileReference; lastKnownFileType = image.png; path = "followby@2x.png"; sourceTree = "<group>"; };
		2968D9961AF88F130039431B /* followedby@2x.png */ = {isa = PBXFileReference; lastKnownFileType = image.png; path = "followedby@2x.png"; sourceTree = "<group>"; };
		2968D9971AF88F130039431B /* inner_follow@2x.png */ = {isa = PBXFileReference; lastKnownFileType = image.png; path = "inner_follow@2x.png"; sourceTree = "<group>"; };
		2968D9981AF88F130039431B /* inner_unfollow@2x.png */ = {isa = PBXFileReference; lastKnownFileType = image.png; path = "inner_unfollow@2x.png"; sourceTree = "<group>"; };
		2968D9991AF88F130039431B /* LaunchImage640*960.png */ = {isa = PBXFileReference; lastKnownFileType = image.png; path = "LaunchImage640*960.png"; sourceTree = "<group>"; };
		2968D99A1AF88F130039431B /* main_view@2x.png */ = {isa = PBXFileReference; lastKnownFileType = image.png; path = "main_view@2x.png"; sourceTree = "<group>"; };
		2968D99B1AF88F130039431B /* menu_icon@2x.png */ = {isa = PBXFileReference; lastKnownFileType = image.png; path = "menu_icon@2x.png"; sourceTree = "<group>"; };
		2968D99C1AF88F130039431B /* mutual@2x.png */ = {isa = PBXFileReference; lastKnownFileType = image.png; path = "mutual@2x.png"; sourceTree = "<group>"; };
		2968D99D1AF88F130039431B /* non_followers@2x.png */ = {isa = PBXFileReference; lastKnownFileType = image.png; path = "non_followers@2x.png"; sourceTree = "<group>"; };
		2968D99E1AF88F130039431B /* photo_que@2x.png */ = {isa = PBXFileReference; lastKnownFileType = image.png; path = "photo_que@2x.png"; sourceTree = "<group>"; };
		2968D99F1AF88F130039431B /* popup@2x.png */ = {isa = PBXFileReference; lastKnownFileType = image.png; path = "popup@2x.png"; sourceTree = "<group>"; };
		2968D9A01AF88F130039431B /* post@2x.png */ = {isa = PBXFileReference; lastKnownFileType = image.png; path = "post@2x.png"; sourceTree = "<group>"; };
		2968D9A11AF88F130039431B /* send@2x.png */ = {isa = PBXFileReference; lastKnownFileType = image.png; path = "send@2x.png"; sourceTree = "<group>"; };
		2968D9A21AF88F130039431B /* setting@2x.png */ = {isa = PBXFileReference; lastKnownFileType = image.png; path = "setting@2x.png"; sourceTree = "<group>"; };
		2968D9A31AF88F130039431B /* setting_icon@2x.png */ = {isa = PBXFileReference; lastKnownFileType = image.png; path = "setting_icon@2x.png"; sourceTree = "<group>"; };
		2968D9A41AF88F130039431B /* unfollow@2x.png */ = {isa = PBXFileReference; lastKnownFileType = image.png; path = "unfollow@2x.png"; sourceTree = "<group>"; };
		29D2198F1AF7CA0300803757 /* t-boardpro.app */ = {isa = PBXFileReference; explicitFileType = wrapper.application; includeInIndex = 0; path = "t-boardpro.app"; sourceTree = BUILT_PRODUCTS_DIR; };
		29D219931AF7CA0300803757 /* Info.plist */ = {isa = PBXFileReference; lastKnownFileType = text.plist.xml; path = Info.plist; sourceTree = "<group>"; };
		29D219941AF7CA0300803757 /* main.m */ = {isa = PBXFileReference; lastKnownFileType = sourcecode.c.objc; path = main.m; sourceTree = "<group>"; };
		29D219961AF7CA0300803757 /* AppDelegate.h */ = {isa = PBXFileReference; lastKnownFileType = sourcecode.c.h; path = AppDelegate.h; sourceTree = "<group>"; };
		29D219971AF7CA0300803757 /* AppDelegate.m */ = {isa = PBXFileReference; lastKnownFileType = sourcecode.c.objc; path = AppDelegate.m; sourceTree = "<group>"; };
		29D219991AF7CA0300803757 /* ViewController.h */ = {isa = PBXFileReference; lastKnownFileType = sourcecode.c.h; path = ViewController.h; sourceTree = "<group>"; };
		29D2199A1AF7CA0300803757 /* ViewController.m */ = {isa = PBXFileReference; lastKnownFileType = sourcecode.c.objc; path = ViewController.m; sourceTree = "<group>"; };
		29D2199D1AF7CA0300803757 /* Base */ = {isa = PBXFileReference; lastKnownFileType = file.storyboard; name = Base; path = Base.lproj/Main.storyboard; sourceTree = "<group>"; };
		29D2199F1AF7CA0300803757 /* Images.xcassets */ = {isa = PBXFileReference; lastKnownFileType = folder.assetcatalog; path = Images.xcassets; sourceTree = "<group>"; };
		29D219A21AF7CA0300803757 /* Base */ = {isa = PBXFileReference; lastKnownFileType = file.xib; name = Base; path = Base.lproj/LaunchScreen.xib; sourceTree = "<group>"; };
		29D219A81AF7CA0300803757 /* t-boardproTests.xctest */ = {isa = PBXFileReference; explicitFileType = wrapper.cfbundle; includeInIndex = 0; path = "t-boardproTests.xctest"; sourceTree = BUILT_PRODUCTS_DIR; };
		29D219AD1AF7CA0300803757 /* Info.plist */ = {isa = PBXFileReference; lastKnownFileType = text.plist.xml; path = Info.plist; sourceTree = "<group>"; };
		29D219AE1AF7CA0300803757 /* t_boardproTests.m */ = {isa = PBXFileReference; lastKnownFileType = sourcecode.c.objc; path = t_boardproTests.m; sourceTree = "<group>"; };
		29D219B91AF7CB2C00803757 /* AFHTTPRequestOperation.h */ = {isa = PBXFileReference; fileEncoding = 4; lastKnownFileType = sourcecode.c.h; path = AFHTTPRequestOperation.h; sourceTree = "<group>"; };
		29D219BA1AF7CB2C00803757 /* AFHTTPRequestOperation.m */ = {isa = PBXFileReference; fileEncoding = 4; lastKnownFileType = sourcecode.c.objc; path = AFHTTPRequestOperation.m; sourceTree = "<group>"; };
		29D219BB1AF7CB2C00803757 /* AFHTTPRequestOperationManager.h */ = {isa = PBXFileReference; fileEncoding = 4; lastKnownFileType = sourcecode.c.h; path = AFHTTPRequestOperationManager.h; sourceTree = "<group>"; };
		29D219BC1AF7CB2C00803757 /* AFHTTPRequestOperationManager.m */ = {isa = PBXFileReference; fileEncoding = 4; lastKnownFileType = sourcecode.c.objc; path = AFHTTPRequestOperationManager.m; sourceTree = "<group>"; };
		29D219BD1AF7CB2C00803757 /* AFHTTPSessionManager.h */ = {isa = PBXFileReference; fileEncoding = 4; lastKnownFileType = sourcecode.c.h; path = AFHTTPSessionManager.h; sourceTree = "<group>"; };
		29D219BE1AF7CB2C00803757 /* AFHTTPSessionManager.m */ = {isa = PBXFileReference; fileEncoding = 4; lastKnownFileType = sourcecode.c.objc; path = AFHTTPSessionManager.m; sourceTree = "<group>"; };
		29D219BF1AF7CB2C00803757 /* AFNetworking.h */ = {isa = PBXFileReference; fileEncoding = 4; lastKnownFileType = sourcecode.c.h; path = AFNetworking.h; sourceTree = "<group>"; };
		29D219C01AF7CB2C00803757 /* AFNetworkReachabilityManager.h */ = {isa = PBXFileReference; fileEncoding = 4; lastKnownFileType = sourcecode.c.h; path = AFNetworkReachabilityManager.h; sourceTree = "<group>"; };
		29D219C11AF7CB2C00803757 /* AFNetworkReachabilityManager.m */ = {isa = PBXFileReference; fileEncoding = 4; lastKnownFileType = sourcecode.c.objc; path = AFNetworkReachabilityManager.m; sourceTree = "<group>"; };
		29D219C21AF7CB2C00803757 /* AFSecurityPolicy.h */ = {isa = PBXFileReference; fileEncoding = 4; lastKnownFileType = sourcecode.c.h; path = AFSecurityPolicy.h; sourceTree = "<group>"; };
		29D219C31AF7CB2C00803757 /* AFSecurityPolicy.m */ = {isa = PBXFileReference; fileEncoding = 4; lastKnownFileType = sourcecode.c.objc; path = AFSecurityPolicy.m; sourceTree = "<group>"; };
		29D219C41AF7CB2C00803757 /* AFURLConnectionOperation.h */ = {isa = PBXFileReference; fileEncoding = 4; lastKnownFileType = sourcecode.c.h; path = AFURLConnectionOperation.h; sourceTree = "<group>"; };
		29D219C51AF7CB2C00803757 /* AFURLConnectionOperation.m */ = {isa = PBXFileReference; fileEncoding = 4; lastKnownFileType = sourcecode.c.objc; path = AFURLConnectionOperation.m; sourceTree = "<group>"; };
		29D219C61AF7CB2C00803757 /* AFURLRequestSerialization.h */ = {isa = PBXFileReference; fileEncoding = 4; lastKnownFileType = sourcecode.c.h; path = AFURLRequestSerialization.h; sourceTree = "<group>"; };
		29D219C71AF7CB2C00803757 /* AFURLRequestSerialization.m */ = {isa = PBXFileReference; fileEncoding = 4; lastKnownFileType = sourcecode.c.objc; path = AFURLRequestSerialization.m; sourceTree = "<group>"; };
		29D219C81AF7CB2C00803757 /* AFURLResponseSerialization.h */ = {isa = PBXFileReference; fileEncoding = 4; lastKnownFileType = sourcecode.c.h; path = AFURLResponseSerialization.h; sourceTree = "<group>"; };
		29D219C91AF7CB2C00803757 /* AFURLResponseSerialization.m */ = {isa = PBXFileReference; fileEncoding = 4; lastKnownFileType = sourcecode.c.objc; path = AFURLResponseSerialization.m; sourceTree = "<group>"; };
		29D219CA1AF7CB2C00803757 /* AFURLSessionManager.h */ = {isa = PBXFileReference; fileEncoding = 4; lastKnownFileType = sourcecode.c.h; path = AFURLSessionManager.h; sourceTree = "<group>"; };
		29D219CB1AF7CB2C00803757 /* AFURLSessionManager.m */ = {isa = PBXFileReference; fileEncoding = 4; lastKnownFileType = sourcecode.c.objc; path = AFURLSessionManager.m; sourceTree = "<group>"; };
		29D219CD1AF7CB2C00803757 /* CustomMenuViewController.h */ = {isa = PBXFileReference; fileEncoding = 4; lastKnownFileType = sourcecode.c.h; path = CustomMenuViewController.h; sourceTree = "<group>"; };
		29D219CE1AF7CB2C00803757 /* CustomMenuViewController.m */ = {isa = PBXFileReference; fileEncoding = 4; lastKnownFileType = sourcecode.c.objc; path = CustomMenuViewController.m; sourceTree = "<group>"; };
		29D219D01AF7CB2C00803757 /* FHSStream.h */ = {isa = PBXFileReference; fileEncoding = 4; lastKnownFileType = sourcecode.c.h; path = FHSStream.h; sourceTree = "<group>"; };
		29D219D11AF7CB2C00803757 /* FHSStream.m */ = {isa = PBXFileReference; fileEncoding = 4; lastKnownFileType = sourcecode.c.objc; path = FHSStream.m; sourceTree = "<group>"; };
		29D219D21AF7CB2C00803757 /* FHSTwitterEngine.h */ = {isa = PBXFileReference; fileEncoding = 4; lastKnownFileType = sourcecode.c.h; path = FHSTwitterEngine.h; sourceTree = "<group>"; };
		29D219D31AF7CB2C00803757 /* FHSTwitterEngine.m */ = {isa = PBXFileReference; fileEncoding = 4; lastKnownFileType = sourcecode.c.objc; path = FHSTwitterEngine.m; sourceTree = "<group>"; };
		29D219D81AF7CB2C00803757 /* Feeds.h */ = {isa = PBXFileReference; fileEncoding = 4; lastKnownFileType = sourcecode.c.h; path = Feeds.h; sourceTree = "<group>"; };
		29D219D91AF7CB2C00803757 /* Feeds.m */ = {isa = PBXFileReference; fileEncoding = 4; lastKnownFileType = sourcecode.c.objc; path = Feeds.m; sourceTree = "<group>"; };
		29D219DA1AF7CB2C00803757 /* FollowingUserViewController.h */ = {isa = PBXFileReference; fileEncoding = 4; lastKnownFileType = sourcecode.c.h; path = FollowingUserViewController.h; sourceTree = "<group>"; };
		29D219DB1AF7CB2C00803757 /* FollowingUserViewController.m */ = {isa = PBXFileReference; fileEncoding = 4; lastKnownFileType = sourcecode.c.objc; path = FollowingUserViewController.m; sourceTree = "<group>"; };
		29D219DC1AF7CB2C00803757 /* FollowingUserViewController.xib */ = {isa = PBXFileReference; fileEncoding = 4; lastKnownFileType = file.xib; path = FollowingUserViewController.xib; sourceTree = "<group>"; };
		29D219DD1AF7CB2C00803757 /* ProfileUserViewcontrollerViewController.h */ = {isa = PBXFileReference; fileEncoding = 4; lastKnownFileType = sourcecode.c.h; path = ProfileUserViewcontrollerViewController.h; sourceTree = "<group>"; };
		29D219DE1AF7CB2C00803757 /* ProfileUserViewcontrollerViewController.m */ = {isa = PBXFileReference; fileEncoding = 4; lastKnownFileType = sourcecode.c.objc; path = ProfileUserViewcontrollerViewController.m; sourceTree = "<group>"; };
		29D219DF1AF7CB2C00803757 /* ProfileUserViewcontrollerViewController.xib */ = {isa = PBXFileReference; fileEncoding = 4; lastKnownFileType = file.xib; path = ProfileUserViewcontrollerViewController.xib; sourceTree = "<group>"; };
		29D219E01AF7CB2C00803757 /* SchedulingView.h */ = {isa = PBXFileReference; fileEncoding = 4; lastKnownFileType = sourcecode.c.h; path = SchedulingView.h; sourceTree = "<group>"; };
		29D219E11AF7CB2C00803757 /* SchedulingView.m */ = {isa = PBXFileReference; fileEncoding = 4; lastKnownFileType = sourcecode.c.objc; path = SchedulingView.m; sourceTree = "<group>"; };
		29D219E21AF7CB2C00803757 /* SchedulingView.xib */ = {isa = PBXFileReference; fileEncoding = 4; lastKnownFileType = file.xib; path = SchedulingView.xib; sourceTree = "<group>"; };
		29D219E31AF7CB2C00803757 /* SearchingViewController.h */ = {isa = PBXFileReference; fileEncoding = 4; lastKnownFileType = sourcecode.c.h; path = SearchingViewController.h; sourceTree = "<group>"; };
		29D219E41AF7CB2C00803757 /* SearchingViewController.m */ = {isa = PBXFileReference; fileEncoding = 4; lastKnownFileType = sourcecode.c.objc; path = SearchingViewController.m; sourceTree = "<group>"; };
		29D219E51AF7CB2C00803757 /* SearchingViewController.xib */ = {isa = PBXFileReference; fileEncoding = 4; lastKnownFileType = file.xib; path = SearchingViewController.xib; sourceTree = "<group>"; };
		29D219E61AF7CB2C00803757 /* SettingView.h */ = {isa = PBXFileReference; fileEncoding = 4; lastKnownFileType = sourcecode.c.h; path = SettingView.h; sourceTree = "<group>"; };
		29D219E71AF7CB2C00803757 /* SettingView.m */ = {isa = PBXFileReference; fileEncoding = 4; lastKnownFileType = sourcecode.c.objc; path = SettingView.m; sourceTree = "<group>"; };
		29D219E81AF7CB2C00803757 /* Singleton.h */ = {isa = PBXFileReference; fileEncoding = 4; lastKnownFileType = sourcecode.c.h; path = Singleton.h; sourceTree = "<group>"; };
		29D219E91AF7CB2C00803757 /* Singleton.m */ = {isa = PBXFileReference; fileEncoding = 4; lastKnownFileType = sourcecode.c.objc; path = Singleton.m; sourceTree = "<group>"; };
		29D219EA1AF7CB2C00803757 /* TableCustomCell.h */ = {isa = PBXFileReference; fileEncoding = 4; lastKnownFileType = sourcecode.c.h; path = TableCustomCell.h; sourceTree = "<group>"; };
		29D219EB1AF7CB2C00803757 /* TableCustomCell.m */ = {isa = PBXFileReference; fileEncoding = 4; lastKnownFileType = sourcecode.c.objc; path = TableCustomCell.m; sourceTree = "<group>"; };
		29D219EC1AF7CB2C00803757 /* UnfollowViewController.h */ = {isa = PBXFileReference; fileEncoding = 4; lastKnownFileType = sourcecode.c.h; path = UnfollowViewController.h; sourceTree = "<group>"; };
		29D219ED1AF7CB2C00803757 /* UnfollowViewController.m */ = {isa = PBXFileReference; fileEncoding = 4; lastKnownFileType = sourcecode.c.objc; path = UnfollowViewController.m; sourceTree = "<group>"; };
		29D219EF1AF7CB2C00803757 /* MBProgressHUD.h */ = {isa = PBXFileReference; fileEncoding = 4; lastKnownFileType = sourcecode.c.h; path = MBProgressHUD.h; sourceTree = "<group>"; };
		29D219F01AF7CB2C00803757 /* MBProgressHUD.m */ = {isa = PBXFileReference; fileEncoding = 4; lastKnownFileType = sourcecode.c.objc; path = MBProgressHUD.m; sourceTree = "<group>"; };
		29D219F21AF7CB2C00803757 /* Reachability.h */ = {isa = PBXFileReference; fileEncoding = 4; lastKnownFileType = sourcecode.c.h; path = Reachability.h; sourceTree = "<group>"; };
		29D219F31AF7CB2C00803757 /* Reachability.m */ = {isa = PBXFileReference; fileEncoding = 4; lastKnownFileType = sourcecode.c.objc; path = Reachability.m; sourceTree = "<group>"; };
		29D219F51AF7CB2C00803757 /* MKAnnotationView+WebCache.h */ = {isa = PBXFileReference; fileEncoding = 4; lastKnownFileType = sourcecode.c.h; path = "MKAnnotationView+WebCache.h"; sourceTree = "<group>"; };
		29D219F61AF7CB2C00803757 /* MKAnnotationView+WebCache.m */ = {isa = PBXFileReference; fileEncoding = 4; lastKnownFileType = sourcecode.c.objc; path = "MKAnnotationView+WebCache.m"; sourceTree = "<group>"; };
		29D219F71AF7CB2C00803757 /* NSData+ImageContentType.h */ = {isa = PBXFileReference; fileEncoding = 4; lastKnownFileType = sourcecode.c.h; path = "NSData+ImageContentType.h"; sourceTree = "<group>"; };
		29D219F81AF7CB2C00803757 /* NSData+ImageContentType.m */ = {isa = PBXFileReference; fileEncoding = 4; lastKnownFileType = sourcecode.c.objc; path = "NSData+ImageContentType.m"; sourceTree = "<group>"; };
		29D219F91AF7CB2C00803757 /* SDImageCache.h */ = {isa = PBXFileReference; fileEncoding = 4; lastKnownFileType = sourcecode.c.h; path = SDImageCache.h; sourceTree = "<group>"; };
		29D219FA1AF7CB2C00803757 /* SDImageCache.m */ = {isa = PBXFileReference; fileEncoding = 4; lastKnownFileType = sourcecode.c.objc; path = SDImageCache.m; sourceTree = "<group>"; };
		29D219FB1AF7CB2C00803757 /* SDWebImageCompat.h */ = {isa = PBXFileReference; fileEncoding = 4; lastKnownFileType = sourcecode.c.h; path = SDWebImageCompat.h; sourceTree = "<group>"; };
		29D219FC1AF7CB2C00803757 /* SDWebImageCompat.m */ = {isa = PBXFileReference; fileEncoding = 4; lastKnownFileType = sourcecode.c.objc; path = SDWebImageCompat.m; sourceTree = "<group>"; };
		29D219FD1AF7CB2C00803757 /* SDWebImageDecoder.h */ = {isa = PBXFileReference; fileEncoding = 4; lastKnownFileType = sourcecode.c.h; path = SDWebImageDecoder.h; sourceTree = "<group>"; };
		29D219FE1AF7CB2C00803757 /* SDWebImageDecoder.m */ = {isa = PBXFileReference; fileEncoding = 4; lastKnownFileType = sourcecode.c.objc; path = SDWebImageDecoder.m; sourceTree = "<group>"; };
		29D219FF1AF7CB2C00803757 /* SDWebImageDownloader.h */ = {isa = PBXFileReference; fileEncoding = 4; lastKnownFileType = sourcecode.c.h; path = SDWebImageDownloader.h; sourceTree = "<group>"; };
		29D21A001AF7CB2C00803757 /* SDWebImageDownloader.m */ = {isa = PBXFileReference; fileEncoding = 4; lastKnownFileType = sourcecode.c.objc; path = SDWebImageDownloader.m; sourceTree = "<group>"; };
		29D21A011AF7CB2C00803757 /* SDWebImageDownloaderOperation.h */ = {isa = PBXFileReference; fileEncoding = 4; lastKnownFileType = sourcecode.c.h; path = SDWebImageDownloaderOperation.h; sourceTree = "<group>"; };
		29D21A021AF7CB2C00803757 /* SDWebImageDownloaderOperation.m */ = {isa = PBXFileReference; fileEncoding = 4; lastKnownFileType = sourcecode.c.objc; path = SDWebImageDownloaderOperation.m; sourceTree = "<group>"; };
		29D21A031AF7CB2C00803757 /* SDWebImageManager.h */ = {isa = PBXFileReference; fileEncoding = 4; lastKnownFileType = sourcecode.c.h; path = SDWebImageManager.h; sourceTree = "<group>"; };
		29D21A041AF7CB2C00803757 /* SDWebImageManager.m */ = {isa = PBXFileReference; fileEncoding = 4; lastKnownFileType = sourcecode.c.objc; path = SDWebImageManager.m; sourceTree = "<group>"; };
		29D21A051AF7CB2C00803757 /* SDWebImageOperation.h */ = {isa = PBXFileReference; fileEncoding = 4; lastKnownFileType = sourcecode.c.h; path = SDWebImageOperation.h; sourceTree = "<group>"; };
		29D21A061AF7CB2C00803757 /* SDWebImagePrefetcher.h */ = {isa = PBXFileReference; fileEncoding = 4; lastKnownFileType = sourcecode.c.h; path = SDWebImagePrefetcher.h; sourceTree = "<group>"; };
		29D21A071AF7CB2C00803757 /* SDWebImagePrefetcher.m */ = {isa = PBXFileReference; fileEncoding = 4; lastKnownFileType = sourcecode.c.objc; path = SDWebImagePrefetcher.m; sourceTree = "<group>"; };
		29D21A081AF7CB2C00803757 /* UIButton+WebCache.h */ = {isa = PBXFileReference; fileEncoding = 4; lastKnownFileType = sourcecode.c.h; path = "UIButton+WebCache.h"; sourceTree = "<group>"; };
		29D21A091AF7CB2C00803757 /* UIButton+WebCache.m */ = {isa = PBXFileReference; fileEncoding = 4; lastKnownFileType = sourcecode.c.objc; path = "UIButton+WebCache.m"; sourceTree = "<group>"; };
		29D21A0A1AF7CB2C00803757 /* UIImage+GIF.h */ = {isa = PBXFileReference; fileEncoding = 4; lastKnownFileType = sourcecode.c.h; path = "UIImage+GIF.h"; sourceTree = "<group>"; };
		29D21A0B1AF7CB2C00803757 /* UIImage+GIF.m */ = {isa = PBXFileReference; fileEncoding = 4; lastKnownFileType = sourcecode.c.objc; path = "UIImage+GIF.m"; sourceTree = "<group>"; };
		29D21A0C1AF7CB2C00803757 /* UIImage+MultiFormat.h */ = {isa = PBXFileReference; fileEncoding = 4; lastKnownFileType = sourcecode.c.h; path = "UIImage+MultiFormat.h"; sourceTree = "<group>"; };
		29D21A0D1AF7CB2C00803757 /* UIImage+MultiFormat.m */ = {isa = PBXFileReference; fileEncoding = 4; lastKnownFileType = sourcecode.c.objc; path = "UIImage+MultiFormat.m"; sourceTree = "<group>"; };
		29D21A0E1AF7CB2C00803757 /* UIImage+WebP.h */ = {isa = PBXFileReference; fileEncoding = 4; lastKnownFileType = sourcecode.c.h; path = "UIImage+WebP.h"; sourceTree = "<group>"; };
		29D21A0F1AF7CB2C00803757 /* UIImage+WebP.m */ = {isa = PBXFileReference; fileEncoding = 4; lastKnownFileType = sourcecode.c.objc; path = "UIImage+WebP.m"; sourceTree = "<group>"; };
		29D21A101AF7CB2C00803757 /* UIImageView+HighlightedWebCache.h */ = {isa = PBXFileReference; fileEncoding = 4; lastKnownFileType = sourcecode.c.h; path = "UIImageView+HighlightedWebCache.h"; sourceTree = "<group>"; };
		29D21A111AF7CB2C00803757 /* UIImageView+HighlightedWebCache.m */ = {isa = PBXFileReference; fileEncoding = 4; lastKnownFileType = sourcecode.c.objc; path = "UIImageView+HighlightedWebCache.m"; sourceTree = "<group>"; };
		29D21A121AF7CB2C00803757 /* UIImageView+WebCache.h */ = {isa = PBXFileReference; fileEncoding = 4; lastKnownFileType = sourcecode.c.h; path = "UIImageView+WebCache.h"; sourceTree = "<group>"; };
		29D21A131AF7CB2C00803757 /* UIImageView+WebCache.m */ = {isa = PBXFileReference; fileEncoding = 4; lastKnownFileType = sourcecode.c.objc; path = "UIImageView+WebCache.m"; sourceTree = "<group>"; };
		29D21A141AF7CB2C00803757 /* UIView+WebCacheOperation.h */ = {isa = PBXFileReference; fileEncoding = 4; lastKnownFileType = sourcecode.c.h; path = "UIView+WebCacheOperation.h"; sourceTree = "<group>"; };
		29D21A151AF7CB2C00803757 /* UIView+WebCacheOperation.m */ = {isa = PBXFileReference; fileEncoding = 4; lastKnownFileType = sourcecode.c.objc; path = "UIView+WebCacheOperation.m"; sourceTree = "<group>"; };
		29D21A171AF7CB2C00803757 /* TwitterHelperClass.h */ = {isa = PBXFileReference; fileEncoding = 4; lastKnownFileType = sourcecode.c.h; path = TwitterHelperClass.h; sourceTree = "<group>"; };
		29D21A181AF7CB2C00803757 /* TwitterHelperClass.m */ = {isa = PBXFileReference; fileEncoding = 4; lastKnownFileType = sourcecode.c.objc; path = TwitterHelperClass.m; sourceTree = "<group>"; };
		29D21A471AF7CBD100803757 /* SystemConfiguration.framework */ = {isa = PBXFileReference; lastKnownFileType = wrapper.framework; name = SystemConfiguration.framework; path = System/Library/Frameworks/SystemConfiguration.framework; sourceTree = SDKROOT; };
		29D21A491AF7CBDA00803757 /* AudioToolbox.framework */ = {isa = PBXFileReference; lastKnownFileType = wrapper.framework; name = AudioToolbox.framework; path = System/Library/Frameworks/AudioToolbox.framework; sourceTree = SDKROOT; };
		29D21A4B1AF7CBE300803757 /* libsqlite3.0.dylib */ = {isa = PBXFileReference; lastKnownFileType = "compiled.mach-o.dylib"; name = libsqlite3.0.dylib; path = usr/lib/libsqlite3.0.dylib; sourceTree = SDKROOT; };
		29D21A4D1AF7CBEA00803757 /* Social.framework */ = {isa = PBXFileReference; lastKnownFileType = wrapper.framework; name = Social.framework; path = System/Library/Frameworks/Social.framework; sourceTree = SDKROOT; };
		29D21A4F1AF7CBF100803757 /* UIKit.framework */ = {isa = PBXFileReference; lastKnownFileType = wrapper.framework; name = UIKit.framework; path = System/Library/Frameworks/UIKit.framework; sourceTree = SDKROOT; };
		29D21A511AF7CBF900803757 /* Foundation.framework */ = {isa = PBXFileReference; lastKnownFileType = wrapper.framework; name = Foundation.framework; path = System/Library/Frameworks/Foundation.framework; sourceTree = SDKROOT; };
		29D21A531AF7CC0100803757 /* CoreGraphics.framework */ = {isa = PBXFileReference; lastKnownFileType = wrapper.framework; name = CoreGraphics.framework; path = System/Library/Frameworks/CoreGraphics.framework; sourceTree = SDKROOT; };
		29D21A561AF7CC6400803757 /* TboardPro-Prefix.pch */ = {isa = PBXFileReference; lastKnownFileType = sourcecode.c.h; path = "TboardPro-Prefix.pch"; sourceTree = "<group>"; };
		29D21A831AF7CD1A00803757 /* LaunchImage1242*2208.png */ = {isa = PBXFileReference; lastKnownFileType = image.png; path = "LaunchImage1242*2208.png"; sourceTree = "<group>"; };
		29D21A841AF7CD1A00803757 /* LaunchImage320*480.png */ = {isa = PBXFileReference; lastKnownFileType = image.png; path = "LaunchImage320*480.png"; sourceTree = "<group>"; };
		29D21A851AF7CD1A00803757 /* LaunchImage640*1136.png */ = {isa = PBXFileReference; lastKnownFileType = image.png; path = "LaunchImage640*1136.png"; sourceTree = "<group>"; };
		29D21A861AF7CD1A00803757 /* LaunchImage640*960.png */ = {isa = PBXFileReference; lastKnownFileType = image.png; path = "LaunchImage640*960.png"; sourceTree = "<group>"; };
		29D21A871AF7CD1A00803757 /* LaunchImage750*1334.png */ = {isa = PBXFileReference; lastKnownFileType = image.png; path = "LaunchImage750*1334.png"; sourceTree = "<group>"; };
/* End PBXFileReference section */

/* Begin PBXFrameworksBuildPhase section */
		29D2198C1AF7CA0300803757 /* Frameworks */ = {
			isa = PBXFrameworksBuildPhase;
			buildActionMask = 2147483647;
			files = (
				29D21A541AF7CC0100803757 /* CoreGraphics.framework in Frameworks */,
				29D21A521AF7CBF900803757 /* Foundation.framework in Frameworks */,
				29D21A501AF7CBF100803757 /* UIKit.framework in Frameworks */,
				29D21A4E1AF7CBEA00803757 /* Social.framework in Frameworks */,
				29D21A4C1AF7CBE300803757 /* libsqlite3.0.dylib in Frameworks */,
				29D21A4A1AF7CBDA00803757 /* AudioToolbox.framework in Frameworks */,
				29D21A481AF7CBD100803757 /* SystemConfiguration.framework in Frameworks */,
			);
			runOnlyForDeploymentPostprocessing = 0;
		};
		29D219A51AF7CA0300803757 /* Frameworks */ = {
			isa = PBXFrameworksBuildPhase;
			buildActionMask = 2147483647;
			files = (
			);
			runOnlyForDeploymentPostprocessing = 0;
		};
/* End PBXFrameworksBuildPhase section */

/* Begin PBXGroup section */
		2968D91C1AF88EDB0039431B /* @x */ = {
			isa = PBXGroup;
			children = (
				2968D91D1AF88EDB0039431B /* add_aacount.png */,
				2968D91E1AF88EDB0039431B /* back_btnForall.png */,
				2968D91F1AF88EDB0039431B /* back_btnForall@2x.png */,
				2968D9201AF88EDB0039431B /* back_btnNew.png */,
				2968D9211AF88EDB0039431B /* bg_twitter.png */,
				2968D9221AF88EDB0039431B /* bg_twitter@2x.png */,
				2968D9231AF88EDB0039431B /* bg_twitter@3x.png */,
				2968D9241AF88EDB0039431B /* camera.png */,
				2968D9251AF88EDB0039431B /* cancel.png */,
				2968D9261AF88EDB0039431B /* close.png */,
				2968D9271AF88EDB0039431B /* connect_with_twitter.png */,
				2968D9281AF88EDB0039431B /* disconnect_account.png */,
				2968D9291AF88EDB0039431B /* facebookButton.png */,
				2968D92A1AF88EDB0039431B /* fan.png */,
				2968D92B1AF88EDB0039431B /* Feed.png */,
				2968D92C1AF88EDB0039431B /* find_friend.png */,
				2968D92D1AF88EDB0039431B /* follow.png */,
				2968D92E1AF88EDB0039431B /* follow1.png */,
				2968D92F1AF88EDB0039431B /* followby.png */,
				2968D9301AF88EDB0039431B /* followedby.png */,
				2968D9311AF88EDB0039431B /* galary.png */,
				2968D9451AF88EDB0039431B /* inner_follow.png */,
				2968D9461AF88EDB0039431B /* inner_unfollow.png */,
				2968D9471AF88EDB0039431B /* main_view.png */,
				2968D9481AF88EDB0039431B /* menu.png */,
				2968D9491AF88EDB0039431B /* non_followers.png */,
				2968D94A1AF88EDB0039431B /* popup.png */,
				2968D94B1AF88EDB0039431B /* post.png */,
				2968D94C1AF88EDB0039431B /* post_schedule.png */,
				2968D94D1AF88EDB0039431B /* Scheduler.png */,
				2968D94E1AF88EDB0039431B /* sendBtn.png */,
				2968D94F1AF88EDB0039431B /* setting.png */,
				2968D9501AF88EDB0039431B /* tboardpro.png */,
				2968D9511AF88EDB0039431B /* twitterButton.png */,
				2968D9521AF88EDB0039431B /* twtboard.png */,
				2968D9531AF88EDB0039431B /* unfollow.png */,
			);
			path = "@x";
			sourceTree = "<group>";
		};
		2968D9321AF88EDB0039431B /* Icons */ = {
			isa = PBXGroup;
			children = (
				2968D9331AF88EDB0039431B /* 1024x1024.png */,
				2968D9341AF88EDB0039431B /* 144x144.png */,
				2968D9351AF88EDB0039431B /* 29.png */,
				2968D9361AF88EDB0039431B /* 29@2x.png */,
				2968D9371AF88EDB0039431B /* 29@3x.png */,
				2968D9381AF88EDB0039431B /* 40.png */,
				2968D9391AF88EDB0039431B /* 40@2x.png */,
				2968D93A1AF88EDB0039431B /* 40@3x.png */,
				2968D93B1AF88EDB0039431B /* 48x48.png */,
				2968D93C1AF88EDB0039431B /* 512x512.png */,
				2968D93D1AF88EDB0039431B /* 57.png */,
				2968D93E1AF88EDB0039431B /* 57@2x.png */,
				2968D93F1AF88EDB0039431B /* 57@3x.png */,
				2968D9401AF88EDB0039431B /* 60.png */,
				2968D9411AF88EDB0039431B /* 60@2x.png */,
				2968D9421AF88EDB0039431B /* 60@3x.png */,
				2968D9431AF88EDB0039431B /* 72x72.png */,
				2968D9441AF88EDB0039431B /* 96x96.png */,
			);
			name = Icons;
			path = "@x/Icons";
			sourceTree = "<group>";
		};
		2968D98A1AF88F130039431B /* @2x */ = {
			isa = PBXGroup;
			children = (
				2968D98B1AF88F130039431B /* add_aacount@2x.png */,
				2968D98C1AF88F130039431B /* cancel@2x.png */,
				2968D98D1AF88F130039431B /* close@2x.png */,
				2968D98E1AF88F130039431B /* connect_with_twitter@2x.png */,
				2968D98F1AF88F130039431B /* disconnect_account@2x.png */,
				2968D9901AF88F130039431B /* fan@2x.png */,
				2968D9911AF88F130039431B /* Feed@2x.png */,
				2968D9921AF88F130039431B /* find_friend@2x.png */,
				2968D9931AF88F130039431B /* follow1@2x.png */,
				2968D9941AF88F130039431B /* follow@2x.png */,
				2968D9951AF88F130039431B /* followby@2x.png */,
				2968D9961AF88F130039431B /* followedby@2x.png */,
				2968D9971AF88F130039431B /* inner_follow@2x.png */,
				2968D9981AF88F130039431B /* inner_unfollow@2x.png */,
				2968D9991AF88F130039431B /* LaunchImage640*960.png */,
				2968D99A1AF88F130039431B /* main_view@2x.png */,
				2968D99B1AF88F130039431B /* menu_icon@2x.png */,
				2968D99C1AF88F130039431B /* mutual@2x.png */,
				2968D99D1AF88F130039431B /* non_followers@2x.png */,
				2968D99E1AF88F130039431B /* photo_que@2x.png */,
				2968D99F1AF88F130039431B /* popup@2x.png */,
				2968D9A01AF88F130039431B /* post@2x.png */,
				2968D9A11AF88F130039431B /* send@2x.png */,
				2968D9A21AF88F130039431B /* setting@2x.png */,
				2968D9A31AF88F130039431B /* setting_icon@2x.png */,
				2968D9A41AF88F130039431B /* unfollow@2x.png */,
			);
			path = "@2x";
			sourceTree = "<group>";
		};
		29D219861AF7CA0300803757 = {
			isa = PBXGroup;
			children = (
				29D21A531AF7CC0100803757 /* CoreGraphics.framework */,
				29D21A511AF7CBF900803757 /* Foundation.framework */,
				29D21A4F1AF7CBF100803757 /* UIKit.framework */,
				29D21A4D1AF7CBEA00803757 /* Social.framework */,
				29D21A4B1AF7CBE300803757 /* libsqlite3.0.dylib */,
				29D21A491AF7CBDA00803757 /* AudioToolbox.framework */,
				29D21A471AF7CBD100803757 /* SystemConfiguration.framework */,
				29D219911AF7CA0300803757 /* t-boardpro */,
				29D219AB1AF7CA0300803757 /* t-boardproTests */,
				29D219901AF7CA0300803757 /* Products */,
			);
			sourceTree = "<group>";
		};
		29D219901AF7CA0300803757 /* Products */ = {
			isa = PBXGroup;
			children = (
				29D2198F1AF7CA0300803757 /* t-boardpro.app */,
				29D219A81AF7CA0300803757 /* t-boardproTests.xctest */,
			);
			name = Products;
			sourceTree = "<group>";
		};
		29D219911AF7CA0300803757 /* t-boardpro */ = {
			isa = PBXGroup;
			children = (
				29D219B81AF7CB2C00803757 /* AFNetworking */,
				29D219CC1AF7CB2C00803757 /* Custom Menu */,
				29D219CF1AF7CB2C00803757 /* FHSTwitterEngine */,
				29D219D71AF7CB2C00803757 /* Menu Table Classes */,
				29D219EE1AF7CB2C00803757 /* progressHUD */,
				29D219F11AF7CB2C00803757 /* Reachability */,
				29D219F41AF7CB2C00803757 /* SDWebImage */,
				29D21A161AF7CB2C00803757 /* TwitterHelper */,
				29D219961AF7CA0300803757 /* AppDelegate.h */,
				29D219971AF7CA0300803757 /* AppDelegate.m */,
				29D219991AF7CA0300803757 /* ViewController.h */,
				29D2199A1AF7CA0300803757 /* ViewController.m */,
				29D2199C1AF7CA0300803757 /* Main.storyboard */,
				29D2199F1AF7CA0300803757 /* Images.xcassets */,
				29D219A11AF7CA0300803757 /* LaunchScreen.xib */,
				29D219921AF7CA0300803757 /* Supporting Files */,
				29D21A561AF7CC6400803757 /* TboardPro-Prefix.pch */,
			);
			path = "t-boardpro";
			sourceTree = "<group>";
		};
		29D219921AF7CA0300803757 /* Supporting Files */ = {
			isa = PBXGroup;
			children = (
				29D21A821AF7CD1A00803757 /* Launch Images */,
				29D21A571AF7CD1A00803757 /* Images */,
				29D219931AF7CA0300803757 /* Info.plist */,
				29D219941AF7CA0300803757 /* main.m */,
			);
			name = "Supporting Files";
			sourceTree = "<group>";
		};
		29D219AB1AF7CA0300803757 /* t-boardproTests */ = {
			isa = PBXGroup;
			children = (
				29D219AE1AF7CA0300803757 /* t_boardproTests.m */,
				29D219AC1AF7CA0300803757 /* Supporting Files */,
			);
			path = "t-boardproTests";
			sourceTree = "<group>";
		};
		29D219AC1AF7CA0300803757 /* Supporting Files */ = {
			isa = PBXGroup;
			children = (
				29D219AD1AF7CA0300803757 /* Info.plist */,
			);
			name = "Supporting Files";
			sourceTree = "<group>";
		};
		29D219B81AF7CB2C00803757 /* AFNetworking */ = {
			isa = PBXGroup;
			children = (
				29D219B91AF7CB2C00803757 /* AFHTTPRequestOperation.h */,
				29D219BA1AF7CB2C00803757 /* AFHTTPRequestOperation.m */,
				29D219BB1AF7CB2C00803757 /* AFHTTPRequestOperationManager.h */,
				29D219BC1AF7CB2C00803757 /* AFHTTPRequestOperationManager.m */,
				29D219BD1AF7CB2C00803757 /* AFHTTPSessionManager.h */,
				29D219BE1AF7CB2C00803757 /* AFHTTPSessionManager.m */,
				29D219BF1AF7CB2C00803757 /* AFNetworking.h */,
				29D219C01AF7CB2C00803757 /* AFNetworkReachabilityManager.h */,
				29D219C11AF7CB2C00803757 /* AFNetworkReachabilityManager.m */,
				29D219C21AF7CB2C00803757 /* AFSecurityPolicy.h */,
				29D219C31AF7CB2C00803757 /* AFSecurityPolicy.m */,
				29D219C41AF7CB2C00803757 /* AFURLConnectionOperation.h */,
				29D219C51AF7CB2C00803757 /* AFURLConnectionOperation.m */,
				29D219C61AF7CB2C00803757 /* AFURLRequestSerialization.h */,
				29D219C71AF7CB2C00803757 /* AFURLRequestSerialization.m */,
				29D219C81AF7CB2C00803757 /* AFURLResponseSerialization.h */,
				29D219C91AF7CB2C00803757 /* AFURLResponseSerialization.m */,
				29D219CA1AF7CB2C00803757 /* AFURLSessionManager.h */,
				29D219CB1AF7CB2C00803757 /* AFURLSessionManager.m */,
			);
			path = AFNetworking;
			sourceTree = "<group>";
		};
		29D219CC1AF7CB2C00803757 /* Custom Menu */ = {
			isa = PBXGroup;
			children = (
				29D219CD1AF7CB2C00803757 /* CustomMenuViewController.h */,
				29D219CE1AF7CB2C00803757 /* CustomMenuViewController.m */,
			);
			path = "Custom Menu";
			sourceTree = "<group>";
		};
		29D219CF1AF7CB2C00803757 /* FHSTwitterEngine */ = {
			isa = PBXGroup;
			children = (
				29D219D01AF7CB2C00803757 /* FHSStream.h */,
				29D219D11AF7CB2C00803757 /* FHSStream.m */,
				29D219D21AF7CB2C00803757 /* FHSTwitterEngine.h */,
				29D219D31AF7CB2C00803757 /* FHSTwitterEngine.m */,
			);
			path = FHSTwitterEngine;
			sourceTree = "<group>";
		};
		29D219D71AF7CB2C00803757 /* Menu Table Classes */ = {
			isa = PBXGroup;
			children = (
				29D219D81AF7CB2C00803757 /* Feeds.h */,
				29D219D91AF7CB2C00803757 /* Feeds.m */,
				29D219DA1AF7CB2C00803757 /* FollowingUserViewController.h */,
				29D219DB1AF7CB2C00803757 /* FollowingUserViewController.m */,
				29D219DC1AF7CB2C00803757 /* FollowingUserViewController.xib */,
				29D219DD1AF7CB2C00803757 /* ProfileUserViewcontrollerViewController.h */,
				29D219DE1AF7CB2C00803757 /* ProfileUserViewcontrollerViewController.m */,
				29D219DF1AF7CB2C00803757 /* ProfileUserViewcontrollerViewController.xib */,
				29D219E01AF7CB2C00803757 /* SchedulingView.h */,
				29D219E11AF7CB2C00803757 /* SchedulingView.m */,
				29D219E21AF7CB2C00803757 /* SchedulingView.xib */,
				29D219E31AF7CB2C00803757 /* SearchingViewController.h */,
				29D219E41AF7CB2C00803757 /* SearchingViewController.m */,
				29D219E51AF7CB2C00803757 /* SearchingViewController.xib */,
				29D219E61AF7CB2C00803757 /* SettingView.h */,
				29D219E71AF7CB2C00803757 /* SettingView.m */,
				29D219E81AF7CB2C00803757 /* Singleton.h */,
				29D219E91AF7CB2C00803757 /* Singleton.m */,
				29D219EA1AF7CB2C00803757 /* TableCustomCell.h */,
				29D219EB1AF7CB2C00803757 /* TableCustomCell.m */,
				29D219EC1AF7CB2C00803757 /* UnfollowViewController.h */,
				29D219ED1AF7CB2C00803757 /* UnfollowViewController.m */,
			);
			path = "Menu Table Classes";
			sourceTree = "<group>";
		};
		29D219EE1AF7CB2C00803757 /* progressHUD */ = {
			isa = PBXGroup;
			children = (
				29D219EF1AF7CB2C00803757 /* MBProgressHUD.h */,
				29D219F01AF7CB2C00803757 /* MBProgressHUD.m */,
			);
			path = progressHUD;
			sourceTree = "<group>";
		};
		29D219F11AF7CB2C00803757 /* Reachability */ = {
			isa = PBXGroup;
			children = (
				29D219F21AF7CB2C00803757 /* Reachability.h */,
				29D219F31AF7CB2C00803757 /* Reachability.m */,
			);
			path = Reachability;
			sourceTree = "<group>";
		};
		29D219F41AF7CB2C00803757 /* SDWebImage */ = {
			isa = PBXGroup;
			children = (
				29D219F51AF7CB2C00803757 /* MKAnnotationView+WebCache.h */,
				29D219F61AF7CB2C00803757 /* MKAnnotationView+WebCache.m */,
				29D219F71AF7CB2C00803757 /* NSData+ImageContentType.h */,
				29D219F81AF7CB2C00803757 /* NSData+ImageContentType.m */,
				29D219F91AF7CB2C00803757 /* SDImageCache.h */,
				29D219FA1AF7CB2C00803757 /* SDImageCache.m */,
				29D219FB1AF7CB2C00803757 /* SDWebImageCompat.h */,
				29D219FC1AF7CB2C00803757 /* SDWebImageCompat.m */,
				29D219FD1AF7CB2C00803757 /* SDWebImageDecoder.h */,
				29D219FE1AF7CB2C00803757 /* SDWebImageDecoder.m */,
				29D219FF1AF7CB2C00803757 /* SDWebImageDownloader.h */,
				29D21A001AF7CB2C00803757 /* SDWebImageDownloader.m */,
				29D21A011AF7CB2C00803757 /* SDWebImageDownloaderOperation.h */,
				29D21A021AF7CB2C00803757 /* SDWebImageDownloaderOperation.m */,
				29D21A031AF7CB2C00803757 /* SDWebImageManager.h */,
				29D21A041AF7CB2C00803757 /* SDWebImageManager.m */,
				29D21A051AF7CB2C00803757 /* SDWebImageOperation.h */,
				29D21A061AF7CB2C00803757 /* SDWebImagePrefetcher.h */,
				29D21A071AF7CB2C00803757 /* SDWebImagePrefetcher.m */,
				29D21A081AF7CB2C00803757 /* UIButton+WebCache.h */,
				29D21A091AF7CB2C00803757 /* UIButton+WebCache.m */,
				29D21A0A1AF7CB2C00803757 /* UIImage+GIF.h */,
				29D21A0B1AF7CB2C00803757 /* UIImage+GIF.m */,
				29D21A0C1AF7CB2C00803757 /* UIImage+MultiFormat.h */,
				29D21A0D1AF7CB2C00803757 /* UIImage+MultiFormat.m */,
				29D21A0E1AF7CB2C00803757 /* UIImage+WebP.h */,
				29D21A0F1AF7CB2C00803757 /* UIImage+WebP.m */,
				29D21A101AF7CB2C00803757 /* UIImageView+HighlightedWebCache.h */,
				29D21A111AF7CB2C00803757 /* UIImageView+HighlightedWebCache.m */,
				29D21A121AF7CB2C00803757 /* UIImageView+WebCache.h */,
				29D21A131AF7CB2C00803757 /* UIImageView+WebCache.m */,
				29D21A141AF7CB2C00803757 /* UIView+WebCacheOperation.h */,
				29D21A151AF7CB2C00803757 /* UIView+WebCacheOperation.m */,
			);
			path = SDWebImage;
			sourceTree = "<group>";
		};
		29D21A161AF7CB2C00803757 /* TwitterHelper */ = {
			isa = PBXGroup;
			children = (
				29D21A171AF7CB2C00803757 /* TwitterHelperClass.h */,
				29D21A181AF7CB2C00803757 /* TwitterHelperClass.m */,
			);
			path = TwitterHelper;
			sourceTree = "<group>";
		};
		29D21A571AF7CD1A00803757 /* Images */ = {
			isa = PBXGroup;
			children = (
				2968D9321AF88EDB0039431B /* Icons */,
				2968D98A1AF88F130039431B /* @2x */,
				2968D91C1AF88EDB0039431B /* @x */,
			);
			path = Images;
			sourceTree = "<group>";
		};
		29D21A821AF7CD1A00803757 /* Launch Images */ = {
			isa = PBXGroup;
			children = (
				29D21A831AF7CD1A00803757 /* LaunchImage1242*2208.png */,
				29D21A841AF7CD1A00803757 /* LaunchImage320*480.png */,
				29D21A851AF7CD1A00803757 /* LaunchImage640*1136.png */,
				29D21A861AF7CD1A00803757 /* LaunchImage640*960.png */,
				29D21A871AF7CD1A00803757 /* LaunchImage750*1334.png */,
			);
			name = "Launch Images";
			path = "Images/Launch Images";
			sourceTree = "<group>";
		};
/* End PBXGroup section */

/* Begin PBXNativeTarget section */
		29D2198E1AF7CA0300803757 /* t-boardpro */ = {
			isa = PBXNativeTarget;
			buildConfigurationList = 29D219B21AF7CA0300803757 /* Build configuration list for PBXNativeTarget "t-boardpro" */;
			buildPhases = (
				29D2198B1AF7CA0300803757 /* Sources */,
				29D2198C1AF7CA0300803757 /* Frameworks */,
				29D2198D1AF7CA0300803757 /* Resources */,
			);
			buildRules = (
			);
			dependencies = (
			);
			name = "t-boardpro";
			productName = "t-boardpro";
			productReference = 29D2198F1AF7CA0300803757 /* t-boardpro.app */;
			productType = "com.apple.product-type.application";
		};
		29D219A71AF7CA0300803757 /* t-boardproTests */ = {
			isa = PBXNativeTarget;
			buildConfigurationList = 29D219B51AF7CA0300803757 /* Build configuration list for PBXNativeTarget "t-boardproTests" */;
			buildPhases = (
				29D219A41AF7CA0300803757 /* Sources */,
				29D219A51AF7CA0300803757 /* Frameworks */,
				29D219A61AF7CA0300803757 /* Resources */,
			);
			buildRules = (
			);
			dependencies = (
				29D219AA1AF7CA0300803757 /* PBXTargetDependency */,
			);
			name = "t-boardproTests";
			productName = "t-boardproTests";
			productReference = 29D219A81AF7CA0300803757 /* t-boardproTests.xctest */;
			productType = "com.apple.product-type.bundle.unit-test";
		};
/* End PBXNativeTarget section */

/* Begin PBXProject section */
		29D219871AF7CA0300803757 /* Project object */ = {
			isa = PBXProject;
			attributes = {
				LastUpgradeCheck = 0610;
				ORGANIZATIONNAME = SocioBoard;
				TargetAttributes = {
					29D2198E1AF7CA0300803757 = {
						CreatedOnToolsVersion = 6.1.1;
					};
					29D219A71AF7CA0300803757 = {
						CreatedOnToolsVersion = 6.1.1;
						TestTargetID = 29D2198E1AF7CA0300803757;
					};
				};
			};
			buildConfigurationList = 29D2198A1AF7CA0300803757 /* Build configuration list for PBXProject "t-boardpro" */;
			compatibilityVersion = "Xcode 3.2";
			developmentRegion = English;
			hasScannedForEncodings = 0;
			knownRegions = (
				en,
				Base,
			);
			mainGroup = 29D219861AF7CA0300803757;
			productRefGroup = 29D219901AF7CA0300803757 /* Products */;
			projectDirPath = "";
			projectRoot = "";
			targets = (
				29D2198E1AF7CA0300803757 /* t-boardpro */,
				29D219A71AF7CA0300803757 /* t-boardproTests */,
			);
		};
/* End PBXProject section */

/* Begin PBXResourcesBuildPhase section */
		29D2198D1AF7CA0300803757 /* Resources */ = {
			isa = PBXResourcesBuildPhase;
			buildActionMask = 2147483647;
			files = (
				2968D97C1AF88EDB0039431B /* inner_unfollow.png in Resources */,
				2968D9B01AF88F130039431B /* followedby@2x.png in Resources */,
				2968D96B1AF88EDB0039431B /* 29.png in Resources */,
				2968D9621AF88EDB0039431B /* Feed.png in Resources */,
				2968D9AC1AF88F130039431B /* find_friend@2x.png in Resources */,
				2968D96F1AF88EDB0039431B /* 40@2x.png in Resources */,
				2968D9BA1AF88F130039431B /* post@2x.png in Resources */,
				2968D9A61AF88F130039431B /* cancel@2x.png in Resources */,
				2968D96D1AF88EDB0039431B /* 29@3x.png in Resources */,
				2968D9701AF88EDB0039431B /* 40@3x.png in Resources */,
				2968D9571AF88EDB0039431B /* back_btnNew.png in Resources */,
				2968D9891AF88EDB0039431B /* unfollow.png in Resources */,
				2968D9A71AF88F130039431B /* close@2x.png in Resources */,
				2968D9711AF88EDB0039431B /* 48x48.png in Resources */,
				2968D97A1AF88EDB0039431B /* 96x96.png in Resources */,
				2968D9691AF88EDB0039431B /* 1024x1024.png in Resources */,
				29D21A2D1AF7CB2C00803757 /* SchedulingView.xib in Resources */,
				2968D9861AF88EDB0039431B /* tboardpro.png in Resources */,
				2968D96C1AF88EDB0039431B /* 29@2x.png in Resources */,
				29D21ABF1AF7CD1A00803757 /* LaunchImage640*1136.png in Resources */,
				2968D9B91AF88F130039431B /* popup@2x.png in Resources */,
				2968D9721AF88EDB0039431B /* 512x512.png in Resources */,
				2968D9791AF88EDB0039431B /* 72x72.png in Resources */,
				2968D9BB1AF88F130039431B /* send@2x.png in Resources */,
				2968D9BD1AF88F130039431B /* setting_icon@2x.png in Resources */,
				2968D9A81AF88F130039431B /* connect_with_twitter@2x.png in Resources */,
				2968D9881AF88EDB0039431B /* twtboard.png in Resources */,
				2968D9B71AF88F130039431B /* non_followers@2x.png in Resources */,
				29D21ABE1AF7CD1A00803757 /* LaunchImage320*480.png in Resources */,
				2968D9A51AF88F130039431B /* add_aacount@2x.png in Resources */,
				29D21AC11AF7CD1A00803757 /* LaunchImage750*1334.png in Resources */,
				29D2199E1AF7CA0300803757 /* Main.storyboard in Resources */,
				2968D9AF1AF88F130039431B /* followby@2x.png in Resources */,
				2968D9871AF88EDB0039431B /* twitterButton.png in Resources */,
				2968D9B11AF88F130039431B /* inner_follow@2x.png in Resources */,
				2968D9B51AF88F130039431B /* menu_icon@2x.png in Resources */,
				29D219A31AF7CA0300803757 /* LaunchScreen.xib in Resources */,
				2968D9AB1AF88F130039431B /* Feed@2x.png in Resources */,
				2968D9BE1AF88F130039431B /* unfollow@2x.png in Resources */,
				2968D9601AF88EDB0039431B /* facebookButton.png in Resources */,
				2968D96A1AF88EDB0039431B /* 144x144.png in Resources */,
				2968D9541AF88EDB0039431B /* add_aacount.png in Resources */,
				2968D9551AF88EDB0039431B /* back_btnForall.png in Resources */,
				2968D9781AF88EDB0039431B /* 60@3x.png in Resources */,
				2968D95C1AF88EDB0039431B /* cancel.png in Resources */,
				2968D9661AF88EDB0039431B /* followby.png in Resources */,
				29D21A291AF7CB2C00803757 /* FollowingUserViewController.xib in Resources */,
				29D21A2B1AF7CB2C00803757 /* ProfileUserViewcontrollerViewController.xib in Resources */,
				2968D9AA1AF88F130039431B /* fan@2x.png in Resources */,
				2968D9B41AF88F130039431B /* main_view@2x.png in Resources */,
				2968D9561AF88EDB0039431B /* back_btnForall@2x.png in Resources */,
				2968D95A1AF88EDB0039431B /* bg_twitter@3x.png in Resources */,
				2968D9611AF88EDB0039431B /* fan.png in Resources */,
				2968D9831AF88EDB0039431B /* Scheduler.png in Resources */,
				29D21ABD1AF7CD1A00803757 /* LaunchImage1242*2208.png in Resources */,
				2968D9AD1AF88F130039431B /* follow1@2x.png in Resources */,
				2968D9801AF88EDB0039431B /* popup.png in Resources */,
				2968D9681AF88EDB0039431B /* galary.png in Resources */,
				2968D9821AF88EDB0039431B /* post_schedule.png in Resources */,
				2968D9B21AF88F130039431B /* inner_unfollow@2x.png in Resources */,
				2968D9B61AF88F130039431B /* mutual@2x.png in Resources */,
				2968D9B31AF88F130039431B /* LaunchImage640*960.png in Resources */,
				2968D9851AF88EDB0039431B /* setting.png in Resources */,
				2968D95B1AF88EDB0039431B /* camera.png in Resources */,
				2968D96E1AF88EDB0039431B /* 40.png in Resources */,
				2968D95D1AF88EDB0039431B /* close.png in Resources */,
				2968D9641AF88EDB0039431B /* follow.png in Resources */,
				2968D9731AF88EDB0039431B /* 57.png in Resources */,
				2968D97B1AF88EDB0039431B /* inner_follow.png in Resources */,
				2968D9741AF88EDB0039431B /* 57@2x.png in Resources */,
				29D21AC01AF7CD1A00803757 /* LaunchImage640*960.png in Resources */,
				2968D97E1AF88EDB0039431B /* menu.png in Resources */,
				2968D9811AF88EDB0039431B /* post.png in Resources */,
				2968D9581AF88EDB0039431B /* bg_twitter.png in Resources */,
				2968D9671AF88EDB0039431B /* followedby.png in Resources */,
				29D219A01AF7CA0300803757 /* Images.xcassets in Resources */,
				29D21A2F1AF7CB2C00803757 /* SearchingViewController.xib in Resources */,
				2968D95E1AF88EDB0039431B /* connect_with_twitter.png in Resources */,
				2968D9B81AF88F130039431B /* photo_que@2x.png in Resources */,
				2968D9651AF88EDB0039431B /* follow1.png in Resources */,
				2968D9AE1AF88F130039431B /* follow@2x.png in Resources */,
				2968D9591AF88EDB0039431B /* bg_twitter@2x.png in Resources */,
				2968D9761AF88EDB0039431B /* 60.png in Resources */,
				2968D9771AF88EDB0039431B /* 60@2x.png in Resources */,
				2968D97F1AF88EDB0039431B /* non_followers.png in Resources */,
				2968D9751AF88EDB0039431B /* 57@3x.png in Resources */,
				2968D9A91AF88F130039431B /* disconnect_account@2x.png in Resources */,
				2968D9631AF88EDB0039431B /* find_friend.png in Resources */,
				2968D9841AF88EDB0039431B /* sendBtn.png in Resources */,
				2968D95F1AF88EDB0039431B /* disconnect_account.png in Resources */,
				2968D97D1AF88EDB0039431B /* main_view.png in Resources */,
				2968D9BC1AF88F130039431B /* setting@2x.png in Resources */,
			);
			runOnlyForDeploymentPostprocessing = 0;
		};
		29D219A61AF7CA0300803757 /* Resources */ = {
			isa = PBXResourcesBuildPhase;
			buildActionMask = 2147483647;
			files = (
			);
			runOnlyForDeploymentPostprocessing = 0;
		};
/* End PBXResourcesBuildPhase section */

/* Begin PBXSourcesBuildPhase section */
		29D2198B1AF7CA0300803757 /* Sources */ = {
			isa = PBXSourcesBuildPhase;
			buildActionMask = 2147483647;
			files = (
				29D21A451AF7CB2C00803757 /* UIView+WebCacheOperation.m in Sources */,
				29D21A191AF7CB2C00803757 /* AFHTTPRequestOperation.m in Sources */,
				29D2199B1AF7CA0300803757 /* ViewController.m in Sources */,
				29D21A1A1AF7CB2C00803757 /* AFHTTPRequestOperationManager.m in Sources */,
				29D21A331AF7CB2C00803757 /* UnfollowViewController.m in Sources */,
				29D21A1C1AF7CB2C00803757 /* AFNetworkReachabilityManager.m in Sources */,
				29D21A201AF7CB2C00803757 /* AFURLResponseSerialization.m in Sources */,
				29D21A221AF7CB2C00803757 /* CustomMenuViewController.m in Sources */,
				29D21A3C1AF7CB2C00803757 /* SDWebImageDownloaderOperation.m in Sources */,
				29D21A3E1AF7CB2C00803757 /* SDWebImagePrefetcher.m in Sources */,
				29D21A321AF7CB2C00803757 /* TableCustomCell.m in Sources */,
				29D21A341AF7CB2C00803757 /* MBProgressHUD.m in Sources */,
				29D21A2E1AF7CB2C00803757 /* SearchingViewController.m in Sources */,
				29D21A411AF7CB2C00803757 /* UIImage+MultiFormat.m in Sources */,
				29D21A1E1AF7CB2C00803757 /* AFURLConnectionOperation.m in Sources */,
				29D21A301AF7CB2C00803757 /* SettingView.m in Sources */,
				29D21A3F1AF7CB2C00803757 /* UIButton+WebCache.m in Sources */,
				29D21A401AF7CB2C00803757 /* UIImage+GIF.m in Sources */,
				29D21A2C1AF7CB2C00803757 /* SchedulingView.m in Sources */,
				29D21A461AF7CB2C00803757 /* TwitterHelperClass.m in Sources */,
				29D21A1D1AF7CB2C00803757 /* AFSecurityPolicy.m in Sources */,
				29D21A1B1AF7CB2C00803757 /* AFHTTPSessionManager.m in Sources */,
				29D21A271AF7CB2C00803757 /* Feeds.m in Sources */,
				29D21A1F1AF7CB2C00803757 /* AFURLRequestSerialization.m in Sources */,
				29D21A241AF7CB2C00803757 /* FHSTwitterEngine.m in Sources */,
				29D21A381AF7CB2C00803757 /* SDImageCache.m in Sources */,
				29D21A281AF7CB2C00803757 /* FollowingUserViewController.m in Sources */,
				29D21A3D1AF7CB2C00803757 /* SDWebImageManager.m in Sources */,
				29D21A421AF7CB2C00803757 /* UIImage+WebP.m in Sources */,
				29D21A211AF7CB2C00803757 /* AFURLSessionManager.m in Sources */,
				29D21A311AF7CB2C00803757 /* Singleton.m in Sources */,
				29D219981AF7CA0300803757 /* AppDelegate.m in Sources */,
				29D219951AF7CA0300803757 /* main.m in Sources */,
				29D21A441AF7CB2C00803757 /* UIImageView+WebCache.m in Sources */,
				29D21A3B1AF7CB2C00803757 /* SDWebImageDownloader.m in Sources */,
				29D21A2A1AF7CB2C00803757 /* ProfileUserViewcontrollerViewController.m in Sources */,
				29D21A361AF7CB2C00803757 /* MKAnnotationView+WebCache.m in Sources */,
				29D21A351AF7CB2C00803757 /* Reachability.m in Sources */,
				29D21A3A1AF7CB2C00803757 /* SDWebImageDecoder.m in Sources */,
				29D21A391AF7CB2C00803757 /* SDWebImageCompat.m in Sources */,
				29D21A431AF7CB2C00803757 /* UIImageView+HighlightedWebCache.m in Sources */,
				29D21A371AF7CB2C00803757 /* NSData+ImageContentType.m in Sources */,
				29D21A231AF7CB2C00803757 /* FHSStream.m in Sources */,
			);
			runOnlyForDeploymentPostprocessing = 0;
		};
		29D219A41AF7CA0300803757 /* Sources */ = {
			isa = PBXSourcesBuildPhase;
			buildActionMask = 2147483647;
			files = (
				29D219AF1AF7CA0300803757 /* t_boardproTests.m in Sources */,
			);
			runOnlyForDeploymentPostprocessing = 0;
		};
/* End PBXSourcesBuildPhase section */

/* Begin PBXTargetDependency section */
		29D219AA1AF7CA0300803757 /* PBXTargetDependency */ = {
			isa = PBXTargetDependency;
			target = 29D2198E1AF7CA0300803757 /* t-boardpro */;
			targetProxy = 29D219A91AF7CA0300803757 /* PBXContainerItemProxy */;
		};
/* End PBXTargetDependency section */

/* Begin PBXVariantGroup section */
		29D2199C1AF7CA0300803757 /* Main.storyboard */ = {
			isa = PBXVariantGroup;
			children = (
				29D2199D1AF7CA0300803757 /* Base */,
			);
			name = Main.storyboard;
			sourceTree = "<group>";
		};
		29D219A11AF7CA0300803757 /* LaunchScreen.xib */ = {
			isa = PBXVariantGroup;
			children = (
				29D219A21AF7CA0300803757 /* Base */,
			);
			name = LaunchScreen.xib;
			sourceTree = "<group>";
		};
/* End PBXVariantGroup section */

/* Begin XCBuildConfiguration section */
		29D219B01AF7CA0300803757 /* Debug */ = {
			isa = XCBuildConfiguration;
			buildSettings = {
				ALWAYS_SEARCH_USER_PATHS = NO;
				CLANG_CXX_LANGUAGE_STANDARD = "gnu++0x";
				CLANG_CXX_LIBRARY = "libc++";
				CLANG_ENABLE_MODULES = YES;
				CLANG_ENABLE_OBJC_ARC = YES;
				CLANG_WARN_BOOL_CONVERSION = YES;
				CLANG_WARN_CONSTANT_CONVERSION = YES;
				CLANG_WARN_DIRECT_OBJC_ISA_USAGE = YES_ERROR;
				CLANG_WARN_EMPTY_BODY = YES;
				CLANG_WARN_ENUM_CONVERSION = YES;
				CLANG_WARN_INT_CONVERSION = YES;
				CLANG_WARN_OBJC_ROOT_CLASS = YES_ERROR;
				CLANG_WARN_UNREACHABLE_CODE = YES;
				CLANG_WARN__DUPLICATE_METHOD_MATCH = YES;
				"CODE_SIGN_IDENTITY[sdk=iphoneos*]" = "iPhone Developer";
				COPY_PHASE_STRIP = NO;
				ENABLE_STRICT_OBJC_MSGSEND = YES;
				GCC_C_LANGUAGE_STANDARD = gnu99;
				GCC_DYNAMIC_NO_PIC = NO;
				GCC_OPTIMIZATION_LEVEL = 0;
				GCC_PREPROCESSOR_DEFINITIONS = (
					"DEBUG=1",
					"$(inherited)",
				);
				GCC_SYMBOLS_PRIVATE_EXTERN = NO;
				GCC_WARN_64_TO_32_BIT_CONVERSION = YES;
				GCC_WARN_ABOUT_RETURN_TYPE = YES_ERROR;
				GCC_WARN_UNDECLARED_SELECTOR = YES;
				GCC_WARN_UNINITIALIZED_AUTOS = YES_AGGRESSIVE;
				GCC_WARN_UNUSED_FUNCTION = YES;
				GCC_WARN_UNUSED_VARIABLE = YES;
				IPHONEOS_DEPLOYMENT_TARGET = 8.1;
				MTL_ENABLE_DEBUG_INFO = YES;
				ONLY_ACTIVE_ARCH = YES;
				SDKROOT = iphoneos;
				TARGETED_DEVICE_FAMILY = "1,2";
			};
			name = Debug;
		};
		29D219B11AF7CA0300803757 /* Release */ = {
			isa = XCBuildConfiguration;
			buildSettings = {
				ALWAYS_SEARCH_USER_PATHS = NO;
				CLANG_CXX_LANGUAGE_STANDARD = "gnu++0x";
				CLANG_CXX_LIBRARY = "libc++";
				CLANG_ENABLE_MODULES = YES;
				CLANG_ENABLE_OBJC_ARC = YES;
				CLANG_WARN_BOOL_CONVERSION = YES;
				CLANG_WARN_CONSTANT_CONVERSION = YES;
				CLANG_WARN_DIRECT_OBJC_ISA_USAGE = YES_ERROR;
				CLANG_WARN_EMPTY_BODY = YES;
				CLANG_WARN_ENUM_CONVERSION = YES;
				CLANG_WARN_INT_CONVERSION = YES;
				CLANG_WARN_OBJC_ROOT_CLASS = YES_ERROR;
				CLANG_WARN_UNREACHABLE_CODE = YES;
				CLANG_WARN__DUPLICATE_METHOD_MATCH = YES;
				"CODE_SIGN_IDENTITY[sdk=iphoneos*]" = "iPhone Developer";
				COPY_PHASE_STRIP = YES;
				ENABLE_NS_ASSERTIONS = NO;
				ENABLE_STRICT_OBJC_MSGSEND = YES;
				GCC_C_LANGUAGE_STANDARD = gnu99;
				GCC_WARN_64_TO_32_BIT_CONVERSION = YES;
				GCC_WARN_ABOUT_RETURN_TYPE = YES_ERROR;
				GCC_WARN_UNDECLARED_SELECTOR = YES;
				GCC_WARN_UNINITIALIZED_AUTOS = YES_AGGRESSIVE;
				GCC_WARN_UNUSED_FUNCTION = YES;
				GCC_WARN_UNUSED_VARIABLE = YES;
				IPHONEOS_DEPLOYMENT_TARGET = 8.1;
				MTL_ENABLE_DEBUG_INFO = NO;
				SDKROOT = iphoneos;
				TARGETED_DEVICE_FAMILY = "1,2";
				VALIDATE_PRODUCT = YES;
			};
			name = Release;
		};
		29D219B31AF7CA0300803757 /* Debug */ = {
			isa = XCBuildConfiguration;
			buildSettings = {
				ASSETCATALOG_COMPILER_APPICON_NAME = AppIcon;
				ASSETCATALOG_COMPILER_LAUNCHIMAGE_NAME = LaunchImage;
				GCC_PREFIX_HEADER = "t-boardpro/TboardPro-Prefix.pch";
				INFOPLIST_FILE = "t-boardpro/Info.plist";
				IPHONEOS_DEPLOYMENT_TARGET = 6.1;
				LD_RUNPATH_SEARCH_PATHS = "$(inherited) @executable_path/Frameworks";
				PRODUCT_NAME = "$(TARGET_NAME)";
			};
			name = Debug;
		};
		29D219B41AF7CA0300803757 /* Release */ = {
			isa = XCBuildConfiguration;
			buildSettings = {
				ASSETCATALOG_COMPILER_APPICON_NAME = AppIcon;
				ASSETCATALOG_COMPILER_LAUNCHIMAGE_NAME = LaunchImage;
				GCC_PREFIX_HEADER = "t-boardpro/TboardPro-Prefix.pch";
				INFOPLIST_FILE = "t-boardpro/Info.plist";
				IPHONEOS_DEPLOYMENT_TARGET = 6.1;
				LD_RUNPATH_SEARCH_PATHS = "$(inherited) @executable_path/Frameworks";
				PRODUCT_NAME = "$(TARGET_NAME)";
			};
			name = Release;
		};
		29D219B61AF7CA0300803757 /* Debug */ = {
			isa = XCBuildConfiguration;
			buildSettings = {
				BUNDLE_LOADER = "$(TEST_HOST)";
				FRAMEWORK_SEARCH_PATHS = (
					"$(SDKROOT)/Developer/Library/Frameworks",
					"$(inherited)",
				);
				GCC_PREPROCESSOR_DEFINITIONS = (
					"DEBUG=1",
					"$(inherited)",
				);
				INFOPLIST_FILE = "t-boardproTests/Info.plist";
				LD_RUNPATH_SEARCH_PATHS = "$(inherited) @executable_path/Frameworks @loader_path/Frameworks";
				PRODUCT_NAME = "$(TARGET_NAME)";
				TEST_HOST = "$(BUILT_PRODUCTS_DIR)/t-boardpro.app/t-boardpro";
			};
			name = Debug;
		};
		29D219B71AF7CA0300803757 /* Release */ = {
			isa = XCBuildConfiguration;
			buildSettings = {
				BUNDLE_LOADER = "$(TEST_HOST)";
				FRAMEWORK_SEARCH_PATHS = (
					"$(SDKROOT)/Developer/Library/Frameworks",
					"$(inherited)",
				);
				INFOPLIST_FILE = "t-boardproTests/Info.plist";
				LD_RUNPATH_SEARCH_PATHS = "$(inherited) @executable_path/Frameworks @loader_path/Frameworks";
				PRODUCT_NAME = "$(TARGET_NAME)";
				TEST_HOST = "$(BUILT_PRODUCTS_DIR)/t-boardpro.app/t-boardpro";
			};
			name = Release;
		};
/* End XCBuildConfiguration section */

/* Begin XCConfigurationList section */
		29D2198A1AF7CA0300803757 /* Build configuration list for PBXProject "t-boardpro" */ = {
			isa = XCConfigurationList;
			buildConfigurations = (
				29D219B01AF7CA0300803757 /* Debug */,
				29D219B11AF7CA0300803757 /* Release */,
			);
			defaultConfigurationIsVisible = 0;
			defaultConfigurationName = Release;
		};
		29D219B21AF7CA0300803757 /* Build configuration list for PBXNativeTarget "t-boardpro" */ = {
			isa = XCConfigurationList;
			buildConfigurations = (
				29D219B31AF7CA0300803757 /* Debug */,
				29D219B41AF7CA0300803757 /* Release */,
			);
			defaultConfigurationIsVisible = 0;
			defaultConfigurationName = Release;
		};
		29D219B51AF7CA0300803757 /* Build configuration list for PBXNativeTarget "t-boardproTests" */ = {
			isa = XCConfigurationList;
			buildConfigurations = (
				29D219B61AF7CA0300803757 /* Debug */,
				29D219B71AF7CA0300803757 /* Release */,
			);
			defaultConfigurationIsVisible = 0;
			defaultConfigurationName = Release;
		};
/* End XCConfigurationList section */
	};
	rootObject = 29D219871AF7CA0300803757 /* Project object */;
}
